// !$*UTF8*$!
{
	archiveVersion = 1;
	classes = {
	};
	objectVersion = 46;
	objects = {

/* Begin PBXBuildFile section */
		DC214FE31A10286D0024EDCC /* main.m in Sources */ = {isa = PBXBuildFile; fileRef = DC214FE21A10286D0024EDCC /* main.m */; };
		DC214FE61A10286D0024EDCC /* AppDelegate.m in Sources */ = {isa = PBXBuildFile; fileRef = DC214FE51A10286D0024EDCC /* AppDelegate.m */; };
		DC214FE91A10286D0024EDCC /* ViewController.m in Sources */ = {isa = PBXBuildFile; fileRef = DC214FE81A10286D0024EDCC /* ViewController.m */; };
		DC214FEC1A10286D0024EDCC /* Main.storyboard in Resources */ = {isa = PBXBuildFile; fileRef = DC214FEA1A10286D0024EDCC /* Main.storyboard */; };
		DC214FEE1A10286D0024EDCC /* Images.xcassets in Resources */ = {isa = PBXBuildFile; fileRef = DC214FED1A10286D0024EDCC /* Images.xcassets */; };
		DC214FF11A10286D0024EDCC /* LaunchScreen.xib in Resources */ = {isa = PBXBuildFile; fileRef = DC214FEF1A10286D0024EDCC /* LaunchScreen.xib */; };
		DC214FFD1A10286D0024EDCC /* AuctionAppiOSTests.m in Sources */ = {isa = PBXBuildFile; fileRef = DC214FFC1A10286D0024EDCC /* AuctionAppiOSTests.m */; };
		DC2150E91A10287A0024EDCC /* libCordova.a in Frameworks */ = {isa = PBXBuildFile; fileRef = DC2150701A10287A0024EDCC /* libCordova.a */; };
		DC2150EA1A10287A0024EDCC /* libCordova.a in Frameworks */ = {isa = PBXBuildFile; fileRef = DC2150701A10287A0024EDCC /* libCordova.a */; };
		DC2150EB1A10287A0024EDCC /* libMKNetworkKit-iOS.a in Frameworks */ = {isa = PBXBuildFile; fileRef = DC2150711A10287A0024EDCC /* libMKNetworkKit-iOS.a */; };
		DC2150EC1A10287A0024EDCC /* libMKNetworkKit-iOS.a in Frameworks */ = {isa = PBXBuildFile; fileRef = DC2150711A10287A0024EDCC /* libMKNetworkKit-iOS.a */; };
		DC2150ED1A10287A0024EDCC /* libSalesforceHybridSDK.a in Frameworks */ = {isa = PBXBuildFile; fileRef = DC2150721A10287A0024EDCC /* libSalesforceHybridSDK.a */; };
		DC2150EE1A10287A0024EDCC /* libSalesforceHybridSDK.a in Frameworks */ = {isa = PBXBuildFile; fileRef = DC2150721A10287A0024EDCC /* libSalesforceHybridSDK.a */; };
		DC2150EF1A10287A0024EDCC /* libSalesforceNativeSDK.a in Frameworks */ = {isa = PBXBuildFile; fileRef = DC2150731A10287A0024EDCC /* libSalesforceNativeSDK.a */; };
		DC2150F01A10287A0024EDCC /* libSalesforceNativeSDK.a in Frameworks */ = {isa = PBXBuildFile; fileRef = DC2150731A10287A0024EDCC /* libSalesforceNativeSDK.a */; };
		DC2150F11A10287A0024EDCC /* libSalesforceNetworkSDK.a in Frameworks */ = {isa = PBXBuildFile; fileRef = DC2150741A10287A0024EDCC /* libSalesforceNetworkSDK.a */; };
		DC2150F21A10287A0024EDCC /* libSalesforceNetworkSDK.a in Frameworks */ = {isa = PBXBuildFile; fileRef = DC2150741A10287A0024EDCC /* libSalesforceNetworkSDK.a */; };
		DC2150F31A10287A0024EDCC /* libSalesforceOAuth.a in Frameworks */ = {isa = PBXBuildFile; fileRef = DC2150751A10287A0024EDCC /* libSalesforceOAuth.a */; };
		DC2150F41A10287A0024EDCC /* libSalesforceOAuth.a in Frameworks */ = {isa = PBXBuildFile; fileRef = DC2150751A10287A0024EDCC /* libSalesforceOAuth.a */; };
		DC2150F51A10287A0024EDCC /* libSalesforceSDKCore.a in Frameworks */ = {isa = PBXBuildFile; fileRef = DC2150761A10287A0024EDCC /* libSalesforceSDKCore.a */; };
		DC2150F61A10287A0024EDCC /* libSalesforceSDKCore.a in Frameworks */ = {isa = PBXBuildFile; fileRef = DC2150761A10287A0024EDCC /* libSalesforceSDKCore.a */; };
		DC2150F71A10287A0024EDCC /* libSalesforceSecurity.a in Frameworks */ = {isa = PBXBuildFile; fileRef = DC2150771A10287A0024EDCC /* libSalesforceSecurity.a */; };
		DC2150F81A10287A0024EDCC /* libSalesforceSecurity.a in Frameworks */ = {isa = PBXBuildFile; fileRef = DC2150771A10287A0024EDCC /* libSalesforceSecurity.a */; };
		DC2150F91A10287A0024EDCC /* libCordova.a in Frameworks */ = {isa = PBXBuildFile; fileRef = DC2150E11A10287A0024EDCC /* libCordova.a */; };
		DC2150FA1A10287A0024EDCC /* libCordova.a in Frameworks */ = {isa = PBXBuildFile; fileRef = DC2150E11A10287A0024EDCC /* libCordova.a */; };
		DC2150FB1A10287A0024EDCC /* libMKNetworkKit-iOS.a in Frameworks */ = {isa = PBXBuildFile; fileRef = DC2150E21A10287A0024EDCC /* libMKNetworkKit-iOS.a */; };
		DC2150FC1A10287A0024EDCC /* libMKNetworkKit-iOS.a in Frameworks */ = {isa = PBXBuildFile; fileRef = DC2150E21A10287A0024EDCC /* libMKNetworkKit-iOS.a */; };
		DC2150FD1A10287A0024EDCC /* libSalesforceHybridSDK.a in Frameworks */ = {isa = PBXBuildFile; fileRef = DC2150E31A10287A0024EDCC /* libSalesforceHybridSDK.a */; };
		DC2150FE1A10287A0024EDCC /* libSalesforceHybridSDK.a in Frameworks */ = {isa = PBXBuildFile; fileRef = DC2150E31A10287A0024EDCC /* libSalesforceHybridSDK.a */; };
		DC2150FF1A10287A0024EDCC /* libSalesforceNativeSDK.a in Frameworks */ = {isa = PBXBuildFile; fileRef = DC2150E41A10287A0024EDCC /* libSalesforceNativeSDK.a */; };
		DC2151001A10287A0024EDCC /* libSalesforceNativeSDK.a in Frameworks */ = {isa = PBXBuildFile; fileRef = DC2150E41A10287A0024EDCC /* libSalesforceNativeSDK.a */; };
		DC2151011A10287A0024EDCC /* libSalesforceNetworkSDK.a in Frameworks */ = {isa = PBXBuildFile; fileRef = DC2150E51A10287A0024EDCC /* libSalesforceNetworkSDK.a */; };
		DC2151021A10287A0024EDCC /* libSalesforceNetworkSDK.a in Frameworks */ = {isa = PBXBuildFile; fileRef = DC2150E51A10287A0024EDCC /* libSalesforceNetworkSDK.a */; };
		DC2151031A10287A0024EDCC /* libSalesforceOAuth.a in Frameworks */ = {isa = PBXBuildFile; fileRef = DC2150E61A10287A0024EDCC /* libSalesforceOAuth.a */; };
		DC2151041A10287A0024EDCC /* libSalesforceOAuth.a in Frameworks */ = {isa = PBXBuildFile; fileRef = DC2150E61A10287A0024EDCC /* libSalesforceOAuth.a */; };
		DC2151051A10287A0024EDCC /* libSalesforceSDKCore.a in Frameworks */ = {isa = PBXBuildFile; fileRef = DC2150E71A10287A0024EDCC /* libSalesforceSDKCore.a */; };
		DC2151061A10287A0024EDCC /* libSalesforceSDKCore.a in Frameworks */ = {isa = PBXBuildFile; fileRef = DC2150E71A10287A0024EDCC /* libSalesforceSDKCore.a */; };
		DC2151071A10287A0024EDCC /* libSalesforceSecurity.a in Frameworks */ = {isa = PBXBuildFile; fileRef = DC2150E81A10287A0024EDCC /* libSalesforceSecurity.a */; };
		DC2151081A10287A0024EDCC /* libSalesforceSecurity.a in Frameworks */ = {isa = PBXBuildFile; fileRef = DC2150E81A10287A0024EDCC /* libSalesforceSecurity.a */; };
/* End PBXBuildFile section */

/* Begin PBXContainerItemProxy section */
		DC214FF71A10286D0024EDCC /* PBXContainerItemProxy */ = {
			isa = PBXContainerItemProxy;
			containerPortal = DC214FD51A10286D0024EDCC /* Project object */;
			proxyType = 1;
			remoteGlobalIDString = DC214FDC1A10286D0024EDCC;
			remoteInfo = AuctionAppiOS;
		};
/* End PBXContainerItemProxy section */

/* Begin PBXFileReference section */
		DC214FDD1A10286D0024EDCC /* AuctionAppiOS.app */ = {isa = PBXFileReference; explicitFileType = wrapper.application; includeInIndex = 0; path = AuctionAppiOS.app; sourceTree = BUILT_PRODUCTS_DIR; };
		DC214FE11A10286D0024EDCC /* Info.plist */ = {isa = PBXFileReference; lastKnownFileType = text.plist.xml; path = Info.plist; sourceTree = "<group>"; };
		DC214FE21A10286D0024EDCC /* main.m */ = {isa = PBXFileReference; lastKnownFileType = sourcecode.c.objc; path = main.m; sourceTree = "<group>"; };
		DC214FE41A10286D0024EDCC /* AppDelegate.h */ = {isa = PBXFileReference; lastKnownFileType = sourcecode.c.h; path = AppDelegate.h; sourceTree = "<group>"; };
		DC214FE51A10286D0024EDCC /* AppDelegate.m */ = {isa = PBXFileReference; lastKnownFileType = sourcecode.c.objc; path = AppDelegate.m; sourceTree = "<group>"; };
		DC214FE71A10286D0024EDCC /* ViewController.h */ = {isa = PBXFileReference; lastKnownFileType = sourcecode.c.h; path = ViewController.h; sourceTree = "<group>"; };
		DC214FE81A10286D0024EDCC /* ViewController.m */ = {isa = PBXFileReference; lastKnownFileType = sourcecode.c.objc; path = ViewController.m; sourceTree = "<group>"; };
		DC214FEB1A10286D0024EDCC /* Base */ = {isa = PBXFileReference; lastKnownFileType = file.storyboard; name = Base; path = Base.lproj/Main.storyboard; sourceTree = "<group>"; };
		DC214FED1A10286D0024EDCC /* Images.xcassets */ = {isa = PBXFileReference; lastKnownFileType = folder.assetcatalog; path = Images.xcassets; sourceTree = "<group>"; };
		DC214FF01A10286D0024EDCC /* Base */ = {isa = PBXFileReference; lastKnownFileType = file.xib; name = Base; path = Base.lproj/LaunchScreen.xib; sourceTree = "<group>"; };
		DC214FF61A10286D0024EDCC /* AuctionAppiOSTests.xctest */ = {isa = PBXFileReference; explicitFileType = wrapper.cfbundle; includeInIndex = 0; path = AuctionAppiOSTests.xctest; sourceTree = BUILT_PRODUCTS_DIR; };
		DC214FFB1A10286D0024EDCC /* Info.plist */ = {isa = PBXFileReference; lastKnownFileType = text.plist.xml; path = Info.plist; sourceTree = "<group>"; };
		DC214FFC1A10286D0024EDCC /* AuctionAppiOSTests.m */ = {isa = PBXFileReference; lastKnownFileType = sourcecode.c.objc; path = AuctionAppiOSTests.m; sourceTree = "<group>"; };
		DC21500A1A10287A0024EDCC /* MKNetworkEngine.h */ = {isa = PBXFileReference; fileEncoding = 4; lastKnownFileType = sourcecode.c.h; path = MKNetworkEngine.h; sourceTree = "<group>"; };
		DC21500B1A10287A0024EDCC /* MKNetworkKit.h */ = {isa = PBXFileReference; fileEncoding = 4; lastKnownFileType = sourcecode.c.h; path = MKNetworkKit.h; sourceTree = "<group>"; };
		DC21500C1A10287A0024EDCC /* MKNetworkOperation.h */ = {isa = PBXFileReference; fileEncoding = 4; lastKnownFileType = sourcecode.c.h; path = MKNetworkOperation.h; sourceTree = "<group>"; };
		DC21500D1A10287A0024EDCC /* NSDictionary+RequestEncoding.h */ = {isa = PBXFileReference; fileEncoding = 4; lastKnownFileType = sourcecode.c.h; path = "NSDictionary+RequestEncoding.h"; sourceTree = "<group>"; };
		DC21500E1A10287A0024EDCC /* NSString+MKNetworkKitAdditions.h */ = {isa = PBXFileReference; fileEncoding = 4; lastKnownFileType = sourcecode.c.h; path = "NSString+MKNetworkKitAdditions.h"; sourceTree = "<group>"; };
		DC21500F1A10287A0024EDCC /* UIAlertView+MKNetworkKitAdditions.h */ = {isa = PBXFileReference; fileEncoding = 4; lastKnownFileType = sourcecode.c.h; path = "UIAlertView+MKNetworkKitAdditions.h"; sourceTree = "<group>"; };
		DC2150111A10287A0024EDCC /* CDVPlugin+SFAdditions.h */ = {isa = PBXFileReference; fileEncoding = 4; lastKnownFileType = sourcecode.c.h; path = "CDVPlugin+SFAdditions.h"; sourceTree = "<group>"; };
		DC2150121A10287A0024EDCC /* SalesforceOAuthPlugin.h */ = {isa = PBXFileReference; fileEncoding = 4; lastKnownFileType = sourcecode.c.h; path = SalesforceOAuthPlugin.h; sourceTree = "<group>"; };
		DC2150131A10287A0024EDCC /* SFAccountManagerPlugin.h */ = {isa = PBXFileReference; fileEncoding = 4; lastKnownFileType = sourcecode.c.h; path = SFAccountManagerPlugin.h; sourceTree = "<group>"; };
		DC2150141A10287A0024EDCC /* SFHybridViewConfig.h */ = {isa = PBXFileReference; fileEncoding = 4; lastKnownFileType = sourcecode.c.h; path = SFHybridViewConfig.h; sourceTree = "<group>"; };
		DC2150151A10287A0024EDCC /* SFHybridViewController.h */ = {isa = PBXFileReference; fileEncoding = 4; lastKnownFileType = sourcecode.c.h; path = SFHybridViewController.h; sourceTree = "<group>"; };
		DC2150161A10287A0024EDCC /* SFLocalhostSubstitutionCache.h */ = {isa = PBXFileReference; fileEncoding = 4; lastKnownFileType = sourcecode.c.h; path = SFLocalhostSubstitutionCache.h; sourceTree = "<group>"; };
		DC2150171A10287A0024EDCC /* SFSDKInfoPlugin.h */ = {isa = PBXFileReference; fileEncoding = 4; lastKnownFileType = sourcecode.c.h; path = SFSDKInfoPlugin.h; sourceTree = "<group>"; };
		DC2150181A10287A0024EDCC /* SFSmartStorePlugin.h */ = {isa = PBXFileReference; fileEncoding = 4; lastKnownFileType = sourcecode.c.h; path = SFSmartStorePlugin.h; sourceTree = "<group>"; };
		DC21501A1A10287A0024EDCC /* SFRestAPI+Blocks.h */ = {isa = PBXFileReference; fileEncoding = 4; lastKnownFileType = sourcecode.c.h; path = "SFRestAPI+Blocks.h"; sourceTree = "<group>"; };
		DC21501B1A10287A0024EDCC /* SFRestAPI+Files.h */ = {isa = PBXFileReference; fileEncoding = 4; lastKnownFileType = sourcecode.c.h; path = "SFRestAPI+Files.h"; sourceTree = "<group>"; };
		DC21501C1A10287A0024EDCC /* SFRestAPI+QueryBuilder.h */ = {isa = PBXFileReference; fileEncoding = 4; lastKnownFileType = sourcecode.c.h; path = "SFRestAPI+QueryBuilder.h"; sourceTree = "<group>"; };
		DC21501D1A10287A0024EDCC /* SFRestAPI.h */ = {isa = PBXFileReference; fileEncoding = 4; lastKnownFileType = sourcecode.c.h; path = SFRestAPI.h; sourceTree = "<group>"; };
		DC21501E1A10287A0024EDCC /* SFRestRequest.h */ = {isa = PBXFileReference; fileEncoding = 4; lastKnownFileType = sourcecode.c.h; path = SFRestRequest.h; sourceTree = "<group>"; };
		DC2150201A10287A0024EDCC /* SFNetworkCoordinator.h */ = {isa = PBXFileReference; fileEncoding = 4; lastKnownFileType = sourcecode.c.h; path = SFNetworkCoordinator.h; sourceTree = "<group>"; };
		DC2150211A10287A0024EDCC /* SFNetworkEngine.h */ = {isa = PBXFileReference; fileEncoding = 4; lastKnownFileType = sourcecode.c.h; path = SFNetworkEngine.h; sourceTree = "<group>"; };
		DC2150221A10287A0024EDCC /* SFNetworkOperation.h */ = {isa = PBXFileReference; fileEncoding = 4; lastKnownFileType = sourcecode.c.h; path = SFNetworkOperation.h; sourceTree = "<group>"; };
		DC2150231A10287A0024EDCC /* SFNetworkUtils.h */ = {isa = PBXFileReference; fileEncoding = 4; lastKnownFileType = sourcecode.c.h; path = SFNetworkUtils.h; sourceTree = "<group>"; };
		DC2150251A10287A0024EDCC /* SFOAuthCoordinator.h */ = {isa = PBXFileReference; fileEncoding = 4; lastKnownFileType = sourcecode.c.h; path = SFOAuthCoordinator.h; sourceTree = "<group>"; };
		DC2150261A10287A0024EDCC /* SFOAuthCredentials.h */ = {isa = PBXFileReference; fileEncoding = 4; lastKnownFileType = sourcecode.c.h; path = SFOAuthCredentials.h; sourceTree = "<group>"; };
		DC2150271A10287A0024EDCC /* SFOAuthInfo.h */ = {isa = PBXFileReference; fileEncoding = 4; lastKnownFileType = sourcecode.c.h; path = SFOAuthInfo.h; sourceTree = "<group>"; };
		DC2150291A10287A0024EDCC /* FMDatabase.h */ = {isa = PBXFileReference; fileEncoding = 4; lastKnownFileType = sourcecode.c.h; path = FMDatabase.h; sourceTree = "<group>"; };
		DC21502A1A10287A0024EDCC /* FMResultSet.h */ = {isa = PBXFileReference; fileEncoding = 4; lastKnownFileType = sourcecode.c.h; path = FMResultSet.h; sourceTree = "<group>"; };
		DC21502B1A10287A0024EDCC /* NSURL+SFStringUtils.h */ = {isa = PBXFileReference; fileEncoding = 4; lastKnownFileType = sourcecode.c.h; path = "NSURL+SFStringUtils.h"; sourceTree = "<group>"; };
		DC21502C1A10287A0024EDCC /* SalesforceSDKConstants.h */ = {isa = PBXFileReference; fileEncoding = 4; lastKnownFileType = sourcecode.c.h; path = SalesforceSDKConstants.h; sourceTree = "<group>"; };
		DC21502D1A10287A0024EDCC /* SFAbstractPasscodeViewController.h */ = {isa = PBXFileReference; fileEncoding = 4; lastKnownFileType = sourcecode.c.h; path = SFAbstractPasscodeViewController.h; sourceTree = "<group>"; };
		DC21502E1A10287A0024EDCC /* SFApplication.h */ = {isa = PBXFileReference; fileEncoding = 4; lastKnownFileType = sourcecode.c.h; path = SFApplication.h; sourceTree = "<group>"; };
		DC21502F1A10287A0024EDCC /* SFAuthenticationManager+Internal.h */ = {isa = PBXFileReference; fileEncoding = 4; lastKnownFileType = sourcecode.c.h; path = "SFAuthenticationManager+Internal.h"; sourceTree = "<group>"; };
		DC2150301A10287A0024EDCC /* SFAuthenticationManager.h */ = {isa = PBXFileReference; fileEncoding = 4; lastKnownFileType = sourcecode.c.h; path = SFAuthenticationManager.h; sourceTree = "<group>"; };
		DC2150311A10287A0024EDCC /* SFAuthenticationViewHandler.h */ = {isa = PBXFileReference; fileEncoding = 4; lastKnownFileType = sourcecode.c.h; path = SFAuthenticationViewHandler.h; sourceTree = "<group>"; };
		DC2150321A10287A0024EDCC /* SFAuthErrorHandler.h */ = {isa = PBXFileReference; fileEncoding = 4; lastKnownFileType = sourcecode.c.h; path = SFAuthErrorHandler.h; sourceTree = "<group>"; };
		DC2150331A10287A0024EDCC /* SFAuthErrorHandlerList.h */ = {isa = PBXFileReference; fileEncoding = 4; lastKnownFileType = sourcecode.c.h; path = SFAuthErrorHandlerList.h; sourceTree = "<group>"; };
		DC2150341A10287A0024EDCC /* SFAuthorizingViewController.h */ = {isa = PBXFileReference; fileEncoding = 4; lastKnownFileType = sourcecode.c.h; path = SFAuthorizingViewController.h; sourceTree = "<group>"; };
		DC2150351A10287A0024EDCC /* SFCommunityData.h */ = {isa = PBXFileReference; fileEncoding = 4; lastKnownFileType = sourcecode.c.h; path = SFCommunityData.h; sourceTree = "<group>"; };
		DC2150361A10287A0024EDCC /* SFDefaultUserManagementViewController.h */ = {isa = PBXFileReference; fileEncoding = 4; lastKnownFileType = sourcecode.c.h; path = SFDefaultUserManagementViewController.h; sourceTree = "<group>"; };
		DC2150371A10287A0024EDCC /* SFDirectoryManager.h */ = {isa = PBXFileReference; fileEncoding = 4; lastKnownFileType = sourcecode.c.h; path = SFDirectoryManager.h; sourceTree = "<group>"; };
		DC2150381A10287A0024EDCC /* SFIdentityCoordinator.h */ = {isa = PBXFileReference; fileEncoding = 4; lastKnownFileType = sourcecode.c.h; path = SFIdentityCoordinator.h; sourceTree = "<group>"; };
		DC2150391A10287A0024EDCC /* SFIdentityData.h */ = {isa = PBXFileReference; fileEncoding = 4; lastKnownFileType = sourcecode.c.h; path = SFIdentityData.h; sourceTree = "<group>"; };
		DC21503A1A10287A0024EDCC /* SFJsonUtils.h */ = {isa = PBXFileReference; fileEncoding = 4; lastKnownFileType = sourcecode.c.h; path = SFJsonUtils.h; sourceTree = "<group>"; };
		DC21503B1A10287A0024EDCC /* SFPreferences.h */ = {isa = PBXFileReference; fileEncoding = 4; lastKnownFileType = sourcecode.c.h; path = SFPreferences.h; sourceTree = "<group>"; };
		DC21503C1A10287A0024EDCC /* SFPushNotificationManager.h */ = {isa = PBXFileReference; fileEncoding = 4; lastKnownFileType = sourcecode.c.h; path = SFPushNotificationManager.h; sourceTree = "<group>"; };
		DC21503D1A10287A0024EDCC /* SFQuerySpec.h */ = {isa = PBXFileReference; fileEncoding = 4; lastKnownFileType = sourcecode.c.h; path = SFQuerySpec.h; sourceTree = "<group>"; };
		DC21503E1A10287A0024EDCC /* SFSDKResourceUtils.h */ = {isa = PBXFileReference; fileEncoding = 4; lastKnownFileType = sourcecode.c.h; path = SFSDKResourceUtils.h; sourceTree = "<group>"; };
		DC21503F1A10287A0024EDCC /* SFSDKTestCredentialsData.h */ = {isa = PBXFileReference; fileEncoding = 4; lastKnownFileType = sourcecode.c.h; path = SFSDKTestCredentialsData.h; sourceTree = "<group>"; };
		DC2150401A10287A0024EDCC /* SFSDKTestRequestListener.h */ = {isa = PBXFileReference; fileEncoding = 4; lastKnownFileType = sourcecode.c.h; path = SFSDKTestRequestListener.h; sourceTree = "<group>"; };
		DC2150411A10287A0024EDCC /* SFSDKWebUtils.h */ = {isa = PBXFileReference; fileEncoding = 4; lastKnownFileType = sourcecode.c.h; path = SFSDKWebUtils.h; sourceTree = "<group>"; };
		DC2150421A10287A0024EDCC /* SFSecurityLockout.h */ = {isa = PBXFileReference; fileEncoding = 4; lastKnownFileType = sourcecode.c.h; path = SFSecurityLockout.h; sourceTree = "<group>"; };
		DC2150431A10287A0024EDCC /* SFSmartStore.h */ = {isa = PBXFileReference; fileEncoding = 4; lastKnownFileType = sourcecode.c.h; path = SFSmartStore.h; sourceTree = "<group>"; };
		DC2150441A10287A0024EDCC /* SFSmartStoreDatabaseManager.h */ = {isa = PBXFileReference; fileEncoding = 4; lastKnownFileType = sourcecode.c.h; path = SFSmartStoreDatabaseManager.h; sourceTree = "<group>"; };
		DC2150451A10287A0024EDCC /* SFSmartStoreInspectorViewController.h */ = {isa = PBXFileReference; fileEncoding = 4; lastKnownFileType = sourcecode.c.h; path = SFSmartStoreInspectorViewController.h; sourceTree = "<group>"; };
		DC2150461A10287A0024EDCC /* SFSoupIndex.h */ = {isa = PBXFileReference; fileEncoding = 4; lastKnownFileType = sourcecode.c.h; path = SFSoupIndex.h; sourceTree = "<group>"; };
		DC2150471A10287A0024EDCC /* SFStoreCursor.h */ = {isa = PBXFileReference; fileEncoding = 4; lastKnownFileType = sourcecode.c.h; path = SFStoreCursor.h; sourceTree = "<group>"; };
		DC2150481A10287A0024EDCC /* SFUserAccount.h */ = {isa = PBXFileReference; fileEncoding = 4; lastKnownFileType = sourcecode.c.h; path = SFUserAccount.h; sourceTree = "<group>"; };
		DC2150491A10287A0024EDCC /* SFUserAccountConstants.h */ = {isa = PBXFileReference; fileEncoding = 4; lastKnownFileType = sourcecode.c.h; path = SFUserAccountConstants.h; sourceTree = "<group>"; };
		DC21504A1A10287A0024EDCC /* SFUserAccountManager.h */ = {isa = PBXFileReference; fileEncoding = 4; lastKnownFileType = sourcecode.c.h; path = SFUserAccountManager.h; sourceTree = "<group>"; };
		DC21504B1A10287A0024EDCC /* SFUserActivityMonitor.h */ = {isa = PBXFileReference; fileEncoding = 4; lastKnownFileType = sourcecode.c.h; path = SFUserActivityMonitor.h; sourceTree = "<group>"; };
		DC21504C1A10287A0024EDCC /* TestSetupUtils.h */ = {isa = PBXFileReference; fileEncoding = 4; lastKnownFileType = sourcecode.c.h; path = TestSetupUtils.h; sourceTree = "<group>"; };
		DC21504E1A10287A0024EDCC /* SFEncryptionKey.h */ = {isa = PBXFileReference; fileEncoding = 4; lastKnownFileType = sourcecode.c.h; path = SFEncryptionKey.h; sourceTree = "<group>"; };
		DC21504F1A10287A0024EDCC /* SFKeyStoreKey.h */ = {isa = PBXFileReference; fileEncoding = 4; lastKnownFileType = sourcecode.c.h; path = SFKeyStoreKey.h; sourceTree = "<group>"; };
		DC2150501A10287A0024EDCC /* SFKeyStoreManager.h */ = {isa = PBXFileReference; fileEncoding = 4; lastKnownFileType = sourcecode.c.h; path = SFKeyStoreManager.h; sourceTree = "<group>"; };
		DC2150511A10287A0024EDCC /* SFPasscodeManager+Internal.h */ = {isa = PBXFileReference; fileEncoding = 4; lastKnownFileType = sourcecode.c.h; path = "SFPasscodeManager+Internal.h"; sourceTree = "<group>"; };
		DC2150521A10287A0024EDCC /* SFPasscodeManager.h */ = {isa = PBXFileReference; fileEncoding = 4; lastKnownFileType = sourcecode.c.h; path = SFPasscodeManager.h; sourceTree = "<group>"; };
		DC2150531A10287A0024EDCC /* SFPasscodeProviderManager.h */ = {isa = PBXFileReference; fileEncoding = 4; lastKnownFileType = sourcecode.c.h; path = SFPasscodeProviderManager.h; sourceTree = "<group>"; };
		DC2150541A10287A0024EDCC /* SFSDKCryptoUtils.h */ = {isa = PBXFileReference; fileEncoding = 4; lastKnownFileType = sourcecode.c.h; path = SFSDKCryptoUtils.h; sourceTree = "<group>"; };
		DC2150571A10287A0024EDCC /* CDV.h */ = {isa = PBXFileReference; fileEncoding = 4; lastKnownFileType = sourcecode.c.h; path = CDV.h; sourceTree = "<group>"; };
		DC2150581A10287A0024EDCC /* CDVAvailability.h */ = {isa = PBXFileReference; fileEncoding = 4; lastKnownFileType = sourcecode.c.h; path = CDVAvailability.h; sourceTree = "<group>"; };
		DC2150591A10287A0024EDCC /* CDVCommandDelegate.h */ = {isa = PBXFileReference; fileEncoding = 4; lastKnownFileType = sourcecode.c.h; path = CDVCommandDelegate.h; sourceTree = "<group>"; };
		DC21505A1A10287A0024EDCC /* CDVCommandDelegateImpl.h */ = {isa = PBXFileReference; fileEncoding = 4; lastKnownFileType = sourcecode.c.h; path = CDVCommandDelegateImpl.h; sourceTree = "<group>"; };
		DC21505B1A10287A0024EDCC /* CDVCommandQueue.h */ = {isa = PBXFileReference; fileEncoding = 4; lastKnownFileType = sourcecode.c.h; path = CDVCommandQueue.h; sourceTree = "<group>"; };
		DC21505C1A10287A0024EDCC /* CDVConfigParser.h */ = {isa = PBXFileReference; fileEncoding = 4; lastKnownFileType = sourcecode.c.h; path = CDVConfigParser.h; sourceTree = "<group>"; };
		DC21505D1A10287A0024EDCC /* CDVDebug.h */ = {isa = PBXFileReference; fileEncoding = 4; lastKnownFileType = sourcecode.c.h; path = CDVDebug.h; sourceTree = "<group>"; };
		DC21505E1A10287A0024EDCC /* CDVInvokedUrlCommand.h */ = {isa = PBXFileReference; fileEncoding = 4; lastKnownFileType = sourcecode.c.h; path = CDVInvokedUrlCommand.h; sourceTree = "<group>"; };
		DC21505F1A10287A0024EDCC /* CDVJSON.h */ = {isa = PBXFileReference; fileEncoding = 4; lastKnownFileType = sourcecode.c.h; path = CDVJSON.h; sourceTree = "<group>"; };
		DC2150601A10287A0024EDCC /* CDVLocalStorage.h */ = {isa = PBXFileReference; fileEncoding = 4; lastKnownFileType = sourcecode.c.h; path = CDVLocalStorage.h; sourceTree = "<group>"; };
		DC2150611A10287A0024EDCC /* CDVPlugin.h */ = {isa = PBXFileReference; fileEncoding = 4; lastKnownFileType = sourcecode.c.h; path = CDVPlugin.h; sourceTree = "<group>"; };
		DC2150621A10287A0024EDCC /* CDVPluginResult.h */ = {isa = PBXFileReference; fileEncoding = 4; lastKnownFileType = sourcecode.c.h; path = CDVPluginResult.h; sourceTree = "<group>"; };
		DC2150631A10287A0024EDCC /* CDVScreenOrientationDelegate.h */ = {isa = PBXFileReference; fileEncoding = 4; lastKnownFileType = sourcecode.c.h; path = CDVScreenOrientationDelegate.h; sourceTree = "<group>"; };
		DC2150641A10287A0024EDCC /* CDVShared.h */ = {isa = PBXFileReference; fileEncoding = 4; lastKnownFileType = sourcecode.c.h; path = CDVShared.h; sourceTree = "<group>"; };
		DC2150651A10287A0024EDCC /* CDVTimer.h */ = {isa = PBXFileReference; fileEncoding = 4; lastKnownFileType = sourcecode.c.h; path = CDVTimer.h; sourceTree = "<group>"; };
		DC2150661A10287A0024EDCC /* CDVURLProtocol.h */ = {isa = PBXFileReference; fileEncoding = 4; lastKnownFileType = sourcecode.c.h; path = CDVURLProtocol.h; sourceTree = "<group>"; };
		DC2150671A10287A0024EDCC /* CDVUserAgentUtil.h */ = {isa = PBXFileReference; fileEncoding = 4; lastKnownFileType = sourcecode.c.h; path = CDVUserAgentUtil.h; sourceTree = "<group>"; };
		DC2150681A10287A0024EDCC /* CDVViewController.h */ = {isa = PBXFileReference; fileEncoding = 4; lastKnownFileType = sourcecode.c.h; path = CDVViewController.h; sourceTree = "<group>"; };
		DC2150691A10287A0024EDCC /* CDVWebViewDelegate.h */ = {isa = PBXFileReference; fileEncoding = 4; lastKnownFileType = sourcecode.c.h; path = CDVWebViewDelegate.h; sourceTree = "<group>"; };
		DC21506A1A10287A0024EDCC /* CDVWhitelist.h */ = {isa = PBXFileReference; fileEncoding = 4; lastKnownFileType = sourcecode.c.h; path = CDVWhitelist.h; sourceTree = "<group>"; };
		DC21506B1A10287A0024EDCC /* NSArray+Comparisons.h */ = {isa = PBXFileReference; fileEncoding = 4; lastKnownFileType = sourcecode.c.h; path = "NSArray+Comparisons.h"; sourceTree = "<group>"; };
		DC21506C1A10287A0024EDCC /* NSData+Base64.h */ = {isa = PBXFileReference; fileEncoding = 4; lastKnownFileType = sourcecode.c.h; path = "NSData+Base64.h"; sourceTree = "<group>"; };
		DC21506D1A10287A0024EDCC /* NSDictionary+Extensions.h */ = {isa = PBXFileReference; fileEncoding = 4; lastKnownFileType = sourcecode.c.h; path = "NSDictionary+Extensions.h"; sourceTree = "<group>"; };
		DC21506E1A10287A0024EDCC /* NSMutableArray+QueueAdditions.h */ = {isa = PBXFileReference; fileEncoding = 4; lastKnownFileType = sourcecode.c.h; path = "NSMutableArray+QueueAdditions.h"; sourceTree = "<group>"; };
		DC21506F1A10287A0024EDCC /* UIDevice+Extensions.h */ = {isa = PBXFileReference; fileEncoding = 4; lastKnownFileType = sourcecode.c.h; path = "UIDevice+Extensions.h"; sourceTree = "<group>"; };
		DC2150701A10287A0024EDCC /* libCordova.a */ = {isa = PBXFileReference; lastKnownFileType = archive.ar; path = libCordova.a; sourceTree = "<group>"; };
		DC2150711A10287A0024EDCC /* libMKNetworkKit-iOS.a */ = {isa = PBXFileReference; lastKnownFileType = archive.ar; path = "libMKNetworkKit-iOS.a"; sourceTree = "<group>"; };
		DC2150721A10287A0024EDCC /* libSalesforceHybridSDK.a */ = {isa = PBXFileReference; lastKnownFileType = archive.ar; path = libSalesforceHybridSDK.a; sourceTree = "<group>"; };
		DC2150731A10287A0024EDCC /* libSalesforceNativeSDK.a */ = {isa = PBXFileReference; lastKnownFileType = archive.ar; path = libSalesforceNativeSDK.a; sourceTree = "<group>"; };
		DC2150741A10287A0024EDCC /* libSalesforceNetworkSDK.a */ = {isa = PBXFileReference; lastKnownFileType = archive.ar; path = libSalesforceNetworkSDK.a; sourceTree = "<group>"; };
		DC2150751A10287A0024EDCC /* libSalesforceOAuth.a */ = {isa = PBXFileReference; lastKnownFileType = archive.ar; path = libSalesforceOAuth.a; sourceTree = "<group>"; };
		DC2150761A10287A0024EDCC /* libSalesforceSDKCore.a */ = {isa = PBXFileReference; lastKnownFileType = archive.ar; path = libSalesforceSDKCore.a; sourceTree = "<group>"; };
		DC2150771A10287A0024EDCC /* libSalesforceSecurity.a */ = {isa = PBXFileReference; lastKnownFileType = archive.ar; path = libSalesforceSecurity.a; sourceTree = "<group>"; };
		DC21507B1A10287A0024EDCC /* MKNetworkEngine.h */ = {isa = PBXFileReference; fileEncoding = 4; lastKnownFileType = sourcecode.c.h; path = MKNetworkEngine.h; sourceTree = "<group>"; };
		DC21507C1A10287A0024EDCC /* MKNetworkKit.h */ = {isa = PBXFileReference; fileEncoding = 4; lastKnownFileType = sourcecode.c.h; path = MKNetworkKit.h; sourceTree = "<group>"; };
		DC21507D1A10287A0024EDCC /* MKNetworkOperation.h */ = {isa = PBXFileReference; fileEncoding = 4; lastKnownFileType = sourcecode.c.h; path = MKNetworkOperation.h; sourceTree = "<group>"; };
		DC21507E1A10287A0024EDCC /* NSDictionary+RequestEncoding.h */ = {isa = PBXFileReference; fileEncoding = 4; lastKnownFileType = sourcecode.c.h; path = "NSDictionary+RequestEncoding.h"; sourceTree = "<group>"; };
		DC21507F1A10287A0024EDCC /* NSString+MKNetworkKitAdditions.h */ = {isa = PBXFileReference; fileEncoding = 4; lastKnownFileType = sourcecode.c.h; path = "NSString+MKNetworkKitAdditions.h"; sourceTree = "<group>"; };
		DC2150801A10287A0024EDCC /* UIAlertView+MKNetworkKitAdditions.h */ = {isa = PBXFileReference; fileEncoding = 4; lastKnownFileType = sourcecode.c.h; path = "UIAlertView+MKNetworkKitAdditions.h"; sourceTree = "<group>"; };
		DC2150821A10287A0024EDCC /* CDVPlugin+SFAdditions.h */ = {isa = PBXFileReference; fileEncoding = 4; lastKnownFileType = sourcecode.c.h; path = "CDVPlugin+SFAdditions.h"; sourceTree = "<group>"; };
		DC2150831A10287A0024EDCC /* SalesforceOAuthPlugin.h */ = {isa = PBXFileReference; fileEncoding = 4; lastKnownFileType = sourcecode.c.h; path = SalesforceOAuthPlugin.h; sourceTree = "<group>"; };
		DC2150841A10287A0024EDCC /* SFAccountManagerPlugin.h */ = {isa = PBXFileReference; fileEncoding = 4; lastKnownFileType = sourcecode.c.h; path = SFAccountManagerPlugin.h; sourceTree = "<group>"; };
		DC2150851A10287A0024EDCC /* SFHybridViewConfig.h */ = {isa = PBXFileReference; fileEncoding = 4; lastKnownFileType = sourcecode.c.h; path = SFHybridViewConfig.h; sourceTree = "<group>"; };
		DC2150861A10287A0024EDCC /* SFHybridViewController.h */ = {isa = PBXFileReference; fileEncoding = 4; lastKnownFileType = sourcecode.c.h; path = SFHybridViewController.h; sourceTree = "<group>"; };
		DC2150871A10287A0024EDCC /* SFLocalhostSubstitutionCache.h */ = {isa = PBXFileReference; fileEncoding = 4; lastKnownFileType = sourcecode.c.h; path = SFLocalhostSubstitutionCache.h; sourceTree = "<group>"; };
		DC2150881A10287A0024EDCC /* SFSDKInfoPlugin.h */ = {isa = PBXFileReference; fileEncoding = 4; lastKnownFileType = sourcecode.c.h; path = SFSDKInfoPlugin.h; sourceTree = "<group>"; };
		DC2150891A10287A0024EDCC /* SFSmartStorePlugin.h */ = {isa = PBXFileReference; fileEncoding = 4; lastKnownFileType = sourcecode.c.h; path = SFSmartStorePlugin.h; sourceTree = "<group>"; };
		DC21508B1A10287A0024EDCC /* SFRestAPI+Blocks.h */ = {isa = PBXFileReference; fileEncoding = 4; lastKnownFileType = sourcecode.c.h; path = "SFRestAPI+Blocks.h"; sourceTree = "<group>"; };
		DC21508C1A10287A0024EDCC /* SFRestAPI+Files.h */ = {isa = PBXFileReference; fileEncoding = 4; lastKnownFileType = sourcecode.c.h; path = "SFRestAPI+Files.h"; sourceTree = "<group>"; };
		DC21508D1A10287A0024EDCC /* SFRestAPI+QueryBuilder.h */ = {isa = PBXFileReference; fileEncoding = 4; lastKnownFileType = sourcecode.c.h; path = "SFRestAPI+QueryBuilder.h"; sourceTree = "<group>"; };
		DC21508E1A10287A0024EDCC /* SFRestAPI.h */ = {isa = PBXFileReference; fileEncoding = 4; lastKnownFileType = sourcecode.c.h; path = SFRestAPI.h; sourceTree = "<group>"; };
		DC21508F1A10287A0024EDCC /* SFRestRequest.h */ = {isa = PBXFileReference; fileEncoding = 4; lastKnownFileType = sourcecode.c.h; path = SFRestRequest.h; sourceTree = "<group>"; };
		DC2150911A10287A0024EDCC /* SFNetworkCoordinator.h */ = {isa = PBXFileReference; fileEncoding = 4; lastKnownFileType = sourcecode.c.h; path = SFNetworkCoordinator.h; sourceTree = "<group>"; };
		DC2150921A10287A0024EDCC /* SFNetworkEngine.h */ = {isa = PBXFileReference; fileEncoding = 4; lastKnownFileType = sourcecode.c.h; path = SFNetworkEngine.h; sourceTree = "<group>"; };
		DC2150931A10287A0024EDCC /* SFNetworkOperation.h */ = {isa = PBXFileReference; fileEncoding = 4; lastKnownFileType = sourcecode.c.h; path = SFNetworkOperation.h; sourceTree = "<group>"; };
		DC2150941A10287A0024EDCC /* SFNetworkUtils.h */ = {isa = PBXFileReference; fileEncoding = 4; lastKnownFileType = sourcecode.c.h; path = SFNetworkUtils.h; sourceTree = "<group>"; };
		DC2150961A10287A0024EDCC /* SFOAuthCoordinator.h */ = {isa = PBXFileReference; fileEncoding = 4; lastKnownFileType = sourcecode.c.h; path = SFOAuthCoordinator.h; sourceTree = "<group>"; };
		DC2150971A10287A0024EDCC /* SFOAuthCredentials.h */ = {isa = PBXFileReference; fileEncoding = 4; lastKnownFileType = sourcecode.c.h; path = SFOAuthCredentials.h; sourceTree = "<group>"; };
		DC2150981A10287A0024EDCC /* SFOAuthInfo.h */ = {isa = PBXFileReference; fileEncoding = 4; lastKnownFileType = sourcecode.c.h; path = SFOAuthInfo.h; sourceTree = "<group>"; };
		DC21509A1A10287A0024EDCC /* FMDatabase.h */ = {isa = PBXFileReference; fileEncoding = 4; lastKnownFileType = sourcecode.c.h; path = FMDatabase.h; sourceTree = "<group>"; };
		DC21509B1A10287A0024EDCC /* FMResultSet.h */ = {isa = PBXFileReference; fileEncoding = 4; lastKnownFileType = sourcecode.c.h; path = FMResultSet.h; sourceTree = "<group>"; };
		DC21509C1A10287A0024EDCC /* NSURL+SFStringUtils.h */ = {isa = PBXFileReference; fileEncoding = 4; lastKnownFileType = sourcecode.c.h; path = "NSURL+SFStringUtils.h"; sourceTree = "<group>"; };
		DC21509D1A10287A0024EDCC /* SalesforceSDKConstants.h */ = {isa = PBXFileReference; fileEncoding = 4; lastKnownFileType = sourcecode.c.h; path = SalesforceSDKConstants.h; sourceTree = "<group>"; };
		DC21509E1A10287A0024EDCC /* SFAbstractPasscodeViewController.h */ = {isa = PBXFileReference; fileEncoding = 4; lastKnownFileType = sourcecode.c.h; path = SFAbstractPasscodeViewController.h; sourceTree = "<group>"; };
		DC21509F1A10287A0024EDCC /* SFApplication.h */ = {isa = PBXFileReference; fileEncoding = 4; lastKnownFileType = sourcecode.c.h; path = SFApplication.h; sourceTree = "<group>"; };
		DC2150A01A10287A0024EDCC /* SFAuthenticationManager+Internal.h */ = {isa = PBXFileReference; fileEncoding = 4; lastKnownFileType = sourcecode.c.h; path = "SFAuthenticationManager+Internal.h"; sourceTree = "<group>"; };
		DC2150A11A10287A0024EDCC /* SFAuthenticationManager.h */ = {isa = PBXFileReference; fileEncoding = 4; lastKnownFileType = sourcecode.c.h; path = SFAuthenticationManager.h; sourceTree = "<group>"; };
		DC2150A21A10287A0024EDCC /* SFAuthenticationViewHandler.h */ = {isa = PBXFileReference; fileEncoding = 4; lastKnownFileType = sourcecode.c.h; path = SFAuthenticationViewHandler.h; sourceTree = "<group>"; };
		DC2150A31A10287A0024EDCC /* SFAuthErrorHandler.h */ = {isa = PBXFileReference; fileEncoding = 4; lastKnownFileType = sourcecode.c.h; path = SFAuthErrorHandler.h; sourceTree = "<group>"; };
		DC2150A41A10287A0024EDCC /* SFAuthErrorHandlerList.h */ = {isa = PBXFileReference; fileEncoding = 4; lastKnownFileType = sourcecode.c.h; path = SFAuthErrorHandlerList.h; sourceTree = "<group>"; };
		DC2150A51A10287A0024EDCC /* SFAuthorizingViewController.h */ = {isa = PBXFileReference; fileEncoding = 4; lastKnownFileType = sourcecode.c.h; path = SFAuthorizingViewController.h; sourceTree = "<group>"; };
		DC2150A61A10287A0024EDCC /* SFCommunityData.h */ = {isa = PBXFileReference; fileEncoding = 4; lastKnownFileType = sourcecode.c.h; path = SFCommunityData.h; sourceTree = "<group>"; };
		DC2150A71A10287A0024EDCC /* SFDefaultUserManagementViewController.h */ = {isa = PBXFileReference; fileEncoding = 4; lastKnownFileType = sourcecode.c.h; path = SFDefaultUserManagementViewController.h; sourceTree = "<group>"; };
		DC2150A81A10287A0024EDCC /* SFDirectoryManager.h */ = {isa = PBXFileReference; fileEncoding = 4; lastKnownFileType = sourcecode.c.h; path = SFDirectoryManager.h; sourceTree = "<group>"; };
		DC2150A91A10287A0024EDCC /* SFIdentityCoordinator.h */ = {isa = PBXFileReference; fileEncoding = 4; lastKnownFileType = sourcecode.c.h; path = SFIdentityCoordinator.h; sourceTree = "<group>"; };
		DC2150AA1A10287A0024EDCC /* SFIdentityData.h */ = {isa = PBXFileReference; fileEncoding = 4; lastKnownFileType = sourcecode.c.h; path = SFIdentityData.h; sourceTree = "<group>"; };
		DC2150AB1A10287A0024EDCC /* SFJsonUtils.h */ = {isa = PBXFileReference; fileEncoding = 4; lastKnownFileType = sourcecode.c.h; path = SFJsonUtils.h; sourceTree = "<group>"; };
		DC2150AC1A10287A0024EDCC /* SFPreferences.h */ = {isa = PBXFileReference; fileEncoding = 4; lastKnownFileType = sourcecode.c.h; path = SFPreferences.h; sourceTree = "<group>"; };
		DC2150AD1A10287A0024EDCC /* SFPushNotificationManager.h */ = {isa = PBXFileReference; fileEncoding = 4; lastKnownFileType = sourcecode.c.h; path = SFPushNotificationManager.h; sourceTree = "<group>"; };
		DC2150AE1A10287A0024EDCC /* SFQuerySpec.h */ = {isa = PBXFileReference; fileEncoding = 4; lastKnownFileType = sourcecode.c.h; path = SFQuerySpec.h; sourceTree = "<group>"; };
		DC2150AF1A10287A0024EDCC /* SFSDKResourceUtils.h */ = {isa = PBXFileReference; fileEncoding = 4; lastKnownFileType = sourcecode.c.h; path = SFSDKResourceUtils.h; sourceTree = "<group>"; };
		DC2150B01A10287A0024EDCC /* SFSDKTestCredentialsData.h */ = {isa = PBXFileReference; fileEncoding = 4; lastKnownFileType = sourcecode.c.h; path = SFSDKTestCredentialsData.h; sourceTree = "<group>"; };
		DC2150B11A10287A0024EDCC /* SFSDKTestRequestListener.h */ = {isa = PBXFileReference; fileEncoding = 4; lastKnownFileType = sourcecode.c.h; path = SFSDKTestRequestListener.h; sourceTree = "<group>"; };
		DC2150B21A10287A0024EDCC /* SFSDKWebUtils.h */ = {isa = PBXFileReference; fileEncoding = 4; lastKnownFileType = sourcecode.c.h; path = SFSDKWebUtils.h; sourceTree = "<group>"; };
		DC2150B31A10287A0024EDCC /* SFSecurityLockout.h */ = {isa = PBXFileReference; fileEncoding = 4; lastKnownFileType = sourcecode.c.h; path = SFSecurityLockout.h; sourceTree = "<group>"; };
		DC2150B41A10287A0024EDCC /* SFSmartStore.h */ = {isa = PBXFileReference; fileEncoding = 4; lastKnownFileType = sourcecode.c.h; path = SFSmartStore.h; sourceTree = "<group>"; };
		DC2150B51A10287A0024EDCC /* SFSmartStoreDatabaseManager.h */ = {isa = PBXFileReference; fileEncoding = 4; lastKnownFileType = sourcecode.c.h; path = SFSmartStoreDatabaseManager.h; sourceTree = "<group>"; };
		DC2150B61A10287A0024EDCC /* SFSmartStoreInspectorViewController.h */ = {isa = PBXFileReference; fileEncoding = 4; lastKnownFileType = sourcecode.c.h; path = SFSmartStoreInspectorViewController.h; sourceTree = "<group>"; };
		DC2150B71A10287A0024EDCC /* SFSoupIndex.h */ = {isa = PBXFileReference; fileEncoding = 4; lastKnownFileType = sourcecode.c.h; path = SFSoupIndex.h; sourceTree = "<group>"; };
		DC2150B81A10287A0024EDCC /* SFStoreCursor.h */ = {isa = PBXFileReference; fileEncoding = 4; lastKnownFileType = sourcecode.c.h; path = SFStoreCursor.h; sourceTree = "<group>"; };
		DC2150B91A10287A0024EDCC /* SFUserAccount.h */ = {isa = PBXFileReference; fileEncoding = 4; lastKnownFileType = sourcecode.c.h; path = SFUserAccount.h; sourceTree = "<group>"; };
		DC2150BA1A10287A0024EDCC /* SFUserAccountConstants.h */ = {isa = PBXFileReference; fileEncoding = 4; lastKnownFileType = sourcecode.c.h; path = SFUserAccountConstants.h; sourceTree = "<group>"; };
		DC2150BB1A10287A0024EDCC /* SFUserAccountManager.h */ = {isa = PBXFileReference; fileEncoding = 4; lastKnownFileType = sourcecode.c.h; path = SFUserAccountManager.h; sourceTree = "<group>"; };
		DC2150BC1A10287A0024EDCC /* SFUserActivityMonitor.h */ = {isa = PBXFileReference; fileEncoding = 4; lastKnownFileType = sourcecode.c.h; path = SFUserActivityMonitor.h; sourceTree = "<group>"; };
		DC2150BD1A10287A0024EDCC /* TestSetupUtils.h */ = {isa = PBXFileReference; fileEncoding = 4; lastKnownFileType = sourcecode.c.h; path = TestSetupUtils.h; sourceTree = "<group>"; };
		DC2150BF1A10287A0024EDCC /* SFEncryptionKey.h */ = {isa = PBXFileReference; fileEncoding = 4; lastKnownFileType = sourcecode.c.h; path = SFEncryptionKey.h; sourceTree = "<group>"; };
		DC2150C01A10287A0024EDCC /* SFKeyStoreKey.h */ = {isa = PBXFileReference; fileEncoding = 4; lastKnownFileType = sourcecode.c.h; path = SFKeyStoreKey.h; sourceTree = "<group>"; };
		DC2150C11A10287A0024EDCC /* SFKeyStoreManager.h */ = {isa = PBXFileReference; fileEncoding = 4; lastKnownFileType = sourcecode.c.h; path = SFKeyStoreManager.h; sourceTree = "<group>"; };
		DC2150C21A10287A0024EDCC /* SFPasscodeManager+Internal.h */ = {isa = PBXFileReference; fileEncoding = 4; lastKnownFileType = sourcecode.c.h; path = "SFPasscodeManager+Internal.h"; sourceTree = "<group>"; };
		DC2150C31A10287A0024EDCC /* SFPasscodeManager.h */ = {isa = PBXFileReference; fileEncoding = 4; lastKnownFileType = sourcecode.c.h; path = SFPasscodeManager.h; sourceTree = "<group>"; };
		DC2150C41A10287A0024EDCC /* SFPasscodeProviderManager.h */ = {isa = PBXFileReference; fileEncoding = 4; lastKnownFileType = sourcecode.c.h; path = SFPasscodeProviderManager.h; sourceTree = "<group>"; };
		DC2150C51A10287A0024EDCC /* SFSDKCryptoUtils.h */ = {isa = PBXFileReference; fileEncoding = 4; lastKnownFileType = sourcecode.c.h; path = SFSDKCryptoUtils.h; sourceTree = "<group>"; };
		DC2150C81A10287A0024EDCC /* CDV.h */ = {isa = PBXFileReference; fileEncoding = 4; lastKnownFileType = sourcecode.c.h; path = CDV.h; sourceTree = "<group>"; };
		DC2150C91A10287A0024EDCC /* CDVAvailability.h */ = {isa = PBXFileReference; fileEncoding = 4; lastKnownFileType = sourcecode.c.h; path = CDVAvailability.h; sourceTree = "<group>"; };
		DC2150CA1A10287A0024EDCC /* CDVCommandDelegate.h */ = {isa = PBXFileReference; fileEncoding = 4; lastKnownFileType = sourcecode.c.h; path = CDVCommandDelegate.h; sourceTree = "<group>"; };
		DC2150CB1A10287A0024EDCC /* CDVCommandDelegateImpl.h */ = {isa = PBXFileReference; fileEncoding = 4; lastKnownFileType = sourcecode.c.h; path = CDVCommandDelegateImpl.h; sourceTree = "<group>"; };
		DC2150CC1A10287A0024EDCC /* CDVCommandQueue.h */ = {isa = PBXFileReference; fileEncoding = 4; lastKnownFileType = sourcecode.c.h; path = CDVCommandQueue.h; sourceTree = "<group>"; };
		DC2150CD1A10287A0024EDCC /* CDVConfigParser.h */ = {isa = PBXFileReference; fileEncoding = 4; lastKnownFileType = sourcecode.c.h; path = CDVConfigParser.h; sourceTree = "<group>"; };
		DC2150CE1A10287A0024EDCC /* CDVDebug.h */ = {isa = PBXFileReference; fileEncoding = 4; lastKnownFileType = sourcecode.c.h; path = CDVDebug.h; sourceTree = "<group>"; };
		DC2150CF1A10287A0024EDCC /* CDVInvokedUrlCommand.h */ = {isa = PBXFileReference; fileEncoding = 4; lastKnownFileType = sourcecode.c.h; path = CDVInvokedUrlCommand.h; sourceTree = "<group>"; };
		DC2150D01A10287A0024EDCC /* CDVJSON.h */ = {isa = PBXFileReference; fileEncoding = 4; lastKnownFileType = sourcecode.c.h; path = CDVJSON.h; sourceTree = "<group>"; };
		DC2150D11A10287A0024EDCC /* CDVLocalStorage.h */ = {isa = PBXFileReference; fileEncoding = 4; lastKnownFileType = sourcecode.c.h; path = CDVLocalStorage.h; sourceTree = "<group>"; };
		DC2150D21A10287A0024EDCC /* CDVPlugin.h */ = {isa = PBXFileReference; fileEncoding = 4; lastKnownFileType = sourcecode.c.h; path = CDVPlugin.h; sourceTree = "<group>"; };
		DC2150D31A10287A0024EDCC /* CDVPluginResult.h */ = {isa = PBXFileReference; fileEncoding = 4; lastKnownFileType = sourcecode.c.h; path = CDVPluginResult.h; sourceTree = "<group>"; };
		DC2150D41A10287A0024EDCC /* CDVScreenOrientationDelegate.h */ = {isa = PBXFileReference; fileEncoding = 4; lastKnownFileType = sourcecode.c.h; path = CDVScreenOrientationDelegate.h; sourceTree = "<group>"; };
		DC2150D51A10287A0024EDCC /* CDVShared.h */ = {isa = PBXFileReference; fileEncoding = 4; lastKnownFileType = sourcecode.c.h; path = CDVShared.h; sourceTree = "<group>"; };
		DC2150D61A10287A0024EDCC /* CDVTimer.h */ = {isa = PBXFileReference; fileEncoding = 4; lastKnownFileType = sourcecode.c.h; path = CDVTimer.h; sourceTree = "<group>"; };
		DC2150D71A10287A0024EDCC /* CDVURLProtocol.h */ = {isa = PBXFileReference; fileEncoding = 4; lastKnownFileType = sourcecode.c.h; path = CDVURLProtocol.h; sourceTree = "<group>"; };
		DC2150D81A10287A0024EDCC /* CDVUserAgentUtil.h */ = {isa = PBXFileReference; fileEncoding = 4; lastKnownFileType = sourcecode.c.h; path = CDVUserAgentUtil.h; sourceTree = "<group>"; };
		DC2150D91A10287A0024EDCC /* CDVViewController.h */ = {isa = PBXFileReference; fileEncoding = 4; lastKnownFileType = sourcecode.c.h; path = CDVViewController.h; sourceTree = "<group>"; };
		DC2150DA1A10287A0024EDCC /* CDVWebViewDelegate.h */ = {isa = PBXFileReference; fileEncoding = 4; lastKnownFileType = sourcecode.c.h; path = CDVWebViewDelegate.h; sourceTree = "<group>"; };
		DC2150DB1A10287A0024EDCC /* CDVWhitelist.h */ = {isa = PBXFileReference; fileEncoding = 4; lastKnownFileType = sourcecode.c.h; path = CDVWhitelist.h; sourceTree = "<group>"; };
		DC2150DC1A10287A0024EDCC /* NSArray+Comparisons.h */ = {isa = PBXFileReference; fileEncoding = 4; lastKnownFileType = sourcecode.c.h; path = "NSArray+Comparisons.h"; sourceTree = "<group>"; };
		DC2150DD1A10287A0024EDCC /* NSData+Base64.h */ = {isa = PBXFileReference; fileEncoding = 4; lastKnownFileType = sourcecode.c.h; path = "NSData+Base64.h"; sourceTree = "<group>"; };
		DC2150DE1A10287A0024EDCC /* NSDictionary+Extensions.h */ = {isa = PBXFileReference; fileEncoding = 4; lastKnownFileType = sourcecode.c.h; path = "NSDictionary+Extensions.h"; sourceTree = "<group>"; };
		DC2150DF1A10287A0024EDCC /* NSMutableArray+QueueAdditions.h */ = {isa = PBXFileReference; fileEncoding = 4; lastKnownFileType = sourcecode.c.h; path = "NSMutableArray+QueueAdditions.h"; sourceTree = "<group>"; };
		DC2150E01A10287A0024EDCC /* UIDevice+Extensions.h */ = {isa = PBXFileReference; fileEncoding = 4; lastKnownFileType = sourcecode.c.h; path = "UIDevice+Extensions.h"; sourceTree = "<group>"; };
		DC2150E11A10287A0024EDCC /* libCordova.a */ = {isa = PBXFileReference; lastKnownFileType = archive.ar; path = libCordova.a; sourceTree = "<group>"; };
		DC2150E21A10287A0024EDCC /* libMKNetworkKit-iOS.a */ = {isa = PBXFileReference; lastKnownFileType = archive.ar; path = "libMKNetworkKit-iOS.a"; sourceTree = "<group>"; };
		DC2150E31A10287A0024EDCC /* libSalesforceHybridSDK.a */ = {isa = PBXFileReference; lastKnownFileType = archive.ar; path = libSalesforceHybridSDK.a; sourceTree = "<group>"; };
		DC2150E41A10287A0024EDCC /* libSalesforceNativeSDK.a */ = {isa = PBXFileReference; lastKnownFileType = archive.ar; path = libSalesforceNativeSDK.a; sourceTree = "<group>"; };
		DC2150E51A10287A0024EDCC /* libSalesforceNetworkSDK.a */ = {isa = PBXFileReference; lastKnownFileType = archive.ar; path = libSalesforceNetworkSDK.a; sourceTree = "<group>"; };
		DC2150E61A10287A0024EDCC /* libSalesforceOAuth.a */ = {isa = PBXFileReference; lastKnownFileType = archive.ar; path = libSalesforceOAuth.a; sourceTree = "<group>"; };
		DC2150E71A10287A0024EDCC /* libSalesforceSDKCore.a */ = {isa = PBXFileReference; lastKnownFileType = archive.ar; path = libSalesforceSDKCore.a; sourceTree = "<group>"; };
		DC2150E81A10287A0024EDCC /* libSalesforceSecurity.a */ = {isa = PBXFileReference; lastKnownFileType = archive.ar; path = libSalesforceSecurity.a; sourceTree = "<group>"; };
/* End PBXFileReference section */

/* Begin PBXFrameworksBuildPhase section */
		DC214FDA1A10286D0024EDCC /* Frameworks */ = {
			isa = PBXFrameworksBuildPhase;
			buildActionMask = 2147483647;
			files = (
				DC2151011A10287A0024EDCC /* libSalesforceNetworkSDK.a in Frameworks */,
				DC2150F51A10287A0024EDCC /* libSalesforceSDKCore.a in Frameworks */,
				DC2150FD1A10287A0024EDCC /* libSalesforceHybridSDK.a in Frameworks */,
				DC2150FF1A10287A0024EDCC /* libSalesforceNativeSDK.a in Frameworks */,
				DC2150FB1A10287A0024EDCC /* libMKNetworkKit-iOS.a in Frameworks */,
				DC2150F31A10287A0024EDCC /* libSalesforceOAuth.a in Frameworks */,
				DC2150F11A10287A0024EDCC /* libSalesforceNetworkSDK.a in Frameworks */,
				DC2150E91A10287A0024EDCC /* libCordova.a in Frameworks */,
				DC2150F71A10287A0024EDCC /* libSalesforceSecurity.a in Frameworks */,
				DC2150ED1A10287A0024EDCC /* libSalesforceHybridSDK.a in Frameworks */,
				DC2150EF1A10287A0024EDCC /* libSalesforceNativeSDK.a in Frameworks */,
				DC2151051A10287A0024EDCC /* libSalesforceSDKCore.a in Frameworks */,
				DC2151071A10287A0024EDCC /* libSalesforceSecurity.a in Frameworks */,
				DC2150EB1A10287A0024EDCC /* libMKNetworkKit-iOS.a in Frameworks */,
				DC2151031A10287A0024EDCC /* libSalesforceOAuth.a in Frameworks */,
				DC2150F91A10287A0024EDCC /* libCordova.a in Frameworks */,
			);
			runOnlyForDeploymentPostprocessing = 0;
		};
		DC214FF31A10286D0024EDCC /* Frameworks */ = {
			isa = PBXFrameworksBuildPhase;
			buildActionMask = 2147483647;
			files = (
				DC2151021A10287A0024EDCC /* libSalesforceNetworkSDK.a in Frameworks */,
				DC2150F61A10287A0024EDCC /* libSalesforceSDKCore.a in Frameworks */,
				DC2150FE1A10287A0024EDCC /* libSalesforceHybridSDK.a in Frameworks */,
				DC2151001A10287A0024EDCC /* libSalesforceNativeSDK.a in Frameworks */,
				DC2150FC1A10287A0024EDCC /* libMKNetworkKit-iOS.a in Frameworks */,
				DC2150F41A10287A0024EDCC /* libSalesforceOAuth.a in Frameworks */,
				DC2150F21A10287A0024EDCC /* libSalesforceNetworkSDK.a in Frameworks */,
				DC2150EA1A10287A0024EDCC /* libCordova.a in Frameworks */,
				DC2150F81A10287A0024EDCC /* libSalesforceSecurity.a in Frameworks */,
				DC2150EE1A10287A0024EDCC /* libSalesforceHybridSDK.a in Frameworks */,
				DC2150F01A10287A0024EDCC /* libSalesforceNativeSDK.a in Frameworks */,
				DC2151061A10287A0024EDCC /* libSalesforceSDKCore.a in Frameworks */,
				DC2151081A10287A0024EDCC /* libSalesforceSecurity.a in Frameworks */,
				DC2150EC1A10287A0024EDCC /* libMKNetworkKit-iOS.a in Frameworks */,
				DC2151041A10287A0024EDCC /* libSalesforceOAuth.a in Frameworks */,
				DC2150FA1A10287A0024EDCC /* libCordova.a in Frameworks */,
			);
			runOnlyForDeploymentPostprocessing = 0;
		};
/* End PBXFrameworksBuildPhase section */

/* Begin PBXGroup section */
		DC214FD41A10286D0024EDCC = {
			isa = PBXGroup;
			children = (
				DC2150061A10287A0024EDCC /* Salesforce iOS API */,
				DC214FDF1A10286D0024EDCC /* AuctionAppiOS */,
				DC214FF91A10286D0024EDCC /* AuctionAppiOSTests */,
				DC214FDE1A10286D0024EDCC /* Products */,
			);
			sourceTree = "<group>";
		};
		DC214FDE1A10286D0024EDCC /* Products */ = {
			isa = PBXGroup;
			children = (
				DC214FDD1A10286D0024EDCC /* AuctionAppiOS.app */,
				DC214FF61A10286D0024EDCC /* AuctionAppiOSTests.xctest */,
			);
			name = Products;
			sourceTree = "<group>";
		};
		DC214FDF1A10286D0024EDCC /* AuctionAppiOS */ = {
			isa = PBXGroup;
			children = (
				DC214FE41A10286D0024EDCC /* AppDelegate.h */,
				DC214FE51A10286D0024EDCC /* AppDelegate.m */,
				DC214FE71A10286D0024EDCC /* ViewController.h */,
				DC214FE81A10286D0024EDCC /* ViewController.m */,
				DC214FEA1A10286D0024EDCC /* Main.storyboard */,
				DC214FED1A10286D0024EDCC /* Images.xcassets */,
				DC214FEF1A10286D0024EDCC /* LaunchScreen.xib */,
				DC214FE01A10286D0024EDCC /* Supporting Files */,
			);
			path = AuctionAppiOS;
			sourceTree = "<group>";
		};
		DC214FE01A10286D0024EDCC /* Supporting Files */ = {
			isa = PBXGroup;
			children = (
				DC214FE11A10286D0024EDCC /* Info.plist */,
				DC214FE21A10286D0024EDCC /* main.m */,
			);
			name = "Supporting Files";
			sourceTree = "<group>";
		};
		DC214FF91A10286D0024EDCC /* AuctionAppiOSTests */ = {
			isa = PBXGroup;
			children = (
				DC214FFC1A10286D0024EDCC /* AuctionAppiOSTests.m */,
				DC214FFA1A10286D0024EDCC /* Supporting Files */,
			);
			path = AuctionAppiOSTests;
			sourceTree = "<group>";
		};
		DC214FFA1A10286D0024EDCC /* Supporting Files */ = {
			isa = PBXGroup;
			children = (
				DC214FFB1A10286D0024EDCC /* Info.plist */,
			);
			name = "Supporting Files";
			sourceTree = "<group>";
		};
		DC2150061A10287A0024EDCC /* Salesforce iOS API */ = {
			isa = PBXGroup;
			children = (
				DC2150071A10287A0024EDCC /* iphoneos */,
				DC2150781A10287A0024EDCC /* iphonesimulator */,
			);
			path = "Salesforce iOS API";
			sourceTree = "<group>";
		};
		DC2150071A10287A0024EDCC /* iphoneos */ = {
			isa = PBXGroup;
			children = (
				DC2150081A10287A0024EDCC /* Headers */,
				DC2150551A10287A0024EDCC /* include */,
				DC2150701A10287A0024EDCC /* libCordova.a */,
				DC2150711A10287A0024EDCC /* libMKNetworkKit-iOS.a */,
				DC2150721A10287A0024EDCC /* libSalesforceHybridSDK.a */,
				DC2150731A10287A0024EDCC /* libSalesforceNativeSDK.a */,
				DC2150741A10287A0024EDCC /* libSalesforceNetworkSDK.a */,
				DC2150751A10287A0024EDCC /* libSalesforceOAuth.a */,
				DC2150761A10287A0024EDCC /* libSalesforceSDKCore.a */,
				DC2150771A10287A0024EDCC /* libSalesforceSecurity.a */,
			);
			path = iphoneos;
			sourceTree = "<group>";
		};
		DC2150081A10287A0024EDCC /* Headers */ = {
			isa = PBXGroup;
			children = (
				DC2150091A10287A0024EDCC /* MKNetworkKit-iOS */,
				DC2150101A10287A0024EDCC /* SalesforceHybridSDK */,
				DC2150191A10287A0024EDCC /* SalesforceNativeSDK */,
				DC21501F1A10287A0024EDCC /* SalesforceNetworkSDK */,
				DC2150241A10287A0024EDCC /* SalesforceOAuth */,
				DC2150281A10287A0024EDCC /* SalesforceSDKCore */,
				DC21504D1A10287A0024EDCC /* SalesforceSecurity */,
			);
			path = Headers;
			sourceTree = "<group>";
		};
		DC2150091A10287A0024EDCC /* MKNetworkKit-iOS */ = {
			isa = PBXGroup;
			children = (
				DC21500A1A10287A0024EDCC /* MKNetworkEngine.h */,
				DC21500B1A10287A0024EDCC /* MKNetworkKit.h */,
				DC21500C1A10287A0024EDCC /* MKNetworkOperation.h */,
				DC21500D1A10287A0024EDCC /* NSDictionary+RequestEncoding.h */,
				DC21500E1A10287A0024EDCC /* NSString+MKNetworkKitAdditions.h */,
				DC21500F1A10287A0024EDCC /* UIAlertView+MKNetworkKitAdditions.h */,
			);
			path = "MKNetworkKit-iOS";
			sourceTree = "<group>";
		};
		DC2150101A10287A0024EDCC /* SalesforceHybridSDK */ = {
			isa = PBXGroup;
			children = (
				DC2150111A10287A0024EDCC /* CDVPlugin+SFAdditions.h */,
				DC2150121A10287A0024EDCC /* SalesforceOAuthPlugin.h */,
				DC2150131A10287A0024EDCC /* SFAccountManagerPlugin.h */,
				DC2150141A10287A0024EDCC /* SFHybridViewConfig.h */,
				DC2150151A10287A0024EDCC /* SFHybridViewController.h */,
				DC2150161A10287A0024EDCC /* SFLocalhostSubstitutionCache.h */,
				DC2150171A10287A0024EDCC /* SFSDKInfoPlugin.h */,
				DC2150181A10287A0024EDCC /* SFSmartStorePlugin.h */,
			);
			path = SalesforceHybridSDK;
			sourceTree = "<group>";
		};
		DC2150191A10287A0024EDCC /* SalesforceNativeSDK */ = {
			isa = PBXGroup;
			children = (
				DC21501A1A10287A0024EDCC /* SFRestAPI+Blocks.h */,
				DC21501B1A10287A0024EDCC /* SFRestAPI+Files.h */,
				DC21501C1A10287A0024EDCC /* SFRestAPI+QueryBuilder.h */,
				DC21501D1A10287A0024EDCC /* SFRestAPI.h */,
				DC21501E1A10287A0024EDCC /* SFRestRequest.h */,
			);
			path = SalesforceNativeSDK;
			sourceTree = "<group>";
		};
		DC21501F1A10287A0024EDCC /* SalesforceNetworkSDK */ = {
			isa = PBXGroup;
			children = (
				DC2150201A10287A0024EDCC /* SFNetworkCoordinator.h */,
				DC2150211A10287A0024EDCC /* SFNetworkEngine.h */,
				DC2150221A10287A0024EDCC /* SFNetworkOperation.h */,
				DC2150231A10287A0024EDCC /* SFNetworkUtils.h */,
			);
			path = SalesforceNetworkSDK;
			sourceTree = "<group>";
		};
		DC2150241A10287A0024EDCC /* SalesforceOAuth */ = {
			isa = PBXGroup;
			children = (
				DC2150251A10287A0024EDCC /* SFOAuthCoordinator.h */,
				DC2150261A10287A0024EDCC /* SFOAuthCredentials.h */,
				DC2150271A10287A0024EDCC /* SFOAuthInfo.h */,
			);
			path = SalesforceOAuth;
			sourceTree = "<group>";
		};
		DC2150281A10287A0024EDCC /* SalesforceSDKCore */ = {
			isa = PBXGroup;
			children = (
				DC2150291A10287A0024EDCC /* FMDatabase.h */,
				DC21502A1A10287A0024EDCC /* FMResultSet.h */,
				DC21502B1A10287A0024EDCC /* NSURL+SFStringUtils.h */,
				DC21502C1A10287A0024EDCC /* SalesforceSDKConstants.h */,
				DC21502D1A10287A0024EDCC /* SFAbstractPasscodeViewController.h */,
				DC21502E1A10287A0024EDCC /* SFApplication.h */,
				DC21502F1A10287A0024EDCC /* SFAuthenticationManager+Internal.h */,
				DC2150301A10287A0024EDCC /* SFAuthenticationManager.h */,
				DC2150311A10287A0024EDCC /* SFAuthenticationViewHandler.h */,
				DC2150321A10287A0024EDCC /* SFAuthErrorHandler.h */,
				DC2150331A10287A0024EDCC /* SFAuthErrorHandlerList.h */,
				DC2150341A10287A0024EDCC /* SFAuthorizingViewController.h */,
				DC2150351A10287A0024EDCC /* SFCommunityData.h */,
				DC2150361A10287A0024EDCC /* SFDefaultUserManagementViewController.h */,
				DC2150371A10287A0024EDCC /* SFDirectoryManager.h */,
				DC2150381A10287A0024EDCC /* SFIdentityCoordinator.h */,
				DC2150391A10287A0024EDCC /* SFIdentityData.h */,
				DC21503A1A10287A0024EDCC /* SFJsonUtils.h */,
				DC21503B1A10287A0024EDCC /* SFPreferences.h */,
				DC21503C1A10287A0024EDCC /* SFPushNotificationManager.h */,
				DC21503D1A10287A0024EDCC /* SFQuerySpec.h */,
				DC21503E1A10287A0024EDCC /* SFSDKResourceUtils.h */,
				DC21503F1A10287A0024EDCC /* SFSDKTestCredentialsData.h */,
				DC2150401A10287A0024EDCC /* SFSDKTestRequestListener.h */,
				DC2150411A10287A0024EDCC /* SFSDKWebUtils.h */,
				DC2150421A10287A0024EDCC /* SFSecurityLockout.h */,
				DC2150431A10287A0024EDCC /* SFSmartStore.h */,
				DC2150441A10287A0024EDCC /* SFSmartStoreDatabaseManager.h */,
				DC2150451A10287A0024EDCC /* SFSmartStoreInspectorViewController.h */,
				DC2150461A10287A0024EDCC /* SFSoupIndex.h */,
				DC2150471A10287A0024EDCC /* SFStoreCursor.h */,
				DC2150481A10287A0024EDCC /* SFUserAccount.h */,
				DC2150491A10287A0024EDCC /* SFUserAccountConstants.h */,
				DC21504A1A10287A0024EDCC /* SFUserAccountManager.h */,
				DC21504B1A10287A0024EDCC /* SFUserActivityMonitor.h */,
				DC21504C1A10287A0024EDCC /* TestSetupUtils.h */,
			);
			path = SalesforceSDKCore;
			sourceTree = "<group>";
		};
		DC21504D1A10287A0024EDCC /* SalesforceSecurity */ = {
			isa = PBXGroup;
			children = (
				DC21504E1A10287A0024EDCC /* SFEncryptionKey.h */,
				DC21504F1A10287A0024EDCC /* SFKeyStoreKey.h */,
				DC2150501A10287A0024EDCC /* SFKeyStoreManager.h */,
				DC2150511A10287A0024EDCC /* SFPasscodeManager+Internal.h */,
				DC2150521A10287A0024EDCC /* SFPasscodeManager.h */,
				DC2150531A10287A0024EDCC /* SFPasscodeProviderManager.h */,
				DC2150541A10287A0024EDCC /* SFSDKCryptoUtils.h */,
			);
			path = SalesforceSecurity;
			sourceTree = "<group>";
		};
		DC2150551A10287A0024EDCC /* include */ = {
			isa = PBXGroup;
			children = (
				DC2150561A10287A0024EDCC /* Cordova */,
			);
			path = include;
			sourceTree = "<group>";
		};
		DC2150561A10287A0024EDCC /* Cordova */ = {
			isa = PBXGroup;
			children = (
				DC2150571A10287A0024EDCC /* CDV.h */,
				DC2150581A10287A0024EDCC /* CDVAvailability.h */,
				DC2150591A10287A0024EDCC /* CDVCommandDelegate.h */,
				DC21505A1A10287A0024EDCC /* CDVCommandDelegateImpl.h */,
				DC21505B1A10287A0024EDCC /* CDVCommandQueue.h */,
				DC21505C1A10287A0024EDCC /* CDVConfigParser.h */,
				DC21505D1A10287A0024EDCC /* CDVDebug.h */,
				DC21505E1A10287A0024EDCC /* CDVInvokedUrlCommand.h */,
				DC21505F1A10287A0024EDCC /* CDVJSON.h */,
				DC2150601A10287A0024EDCC /* CDVLocalStorage.h */,
				DC2150611A10287A0024EDCC /* CDVPlugin.h */,
				DC2150621A10287A0024EDCC /* CDVPluginResult.h */,
				DC2150631A10287A0024EDCC /* CDVScreenOrientationDelegate.h */,
				DC2150641A10287A0024EDCC /* CDVShared.h */,
				DC2150651A10287A0024EDCC /* CDVTimer.h */,
				DC2150661A10287A0024EDCC /* CDVURLProtocol.h */,
				DC2150671A10287A0024EDCC /* CDVUserAgentUtil.h */,
				DC2150681A10287A0024EDCC /* CDVViewController.h */,
				DC2150691A10287A0024EDCC /* CDVWebViewDelegate.h */,
				DC21506A1A10287A0024EDCC /* CDVWhitelist.h */,
				DC21506B1A10287A0024EDCC /* NSArray+Comparisons.h */,
				DC21506C1A10287A0024EDCC /* NSData+Base64.h */,
				DC21506D1A10287A0024EDCC /* NSDictionary+Extensions.h */,
				DC21506E1A10287A0024EDCC /* NSMutableArray+QueueAdditions.h */,
				DC21506F1A10287A0024EDCC /* UIDevice+Extensions.h */,
			);
			path = Cordova;
			sourceTree = "<group>";
		};
		DC2150781A10287A0024EDCC /* iphonesimulator */ = {
			isa = PBXGroup;
			children = (
				DC2150791A10287A0024EDCC /* Headers */,
				DC2150C61A10287A0024EDCC /* include */,
				DC2150E11A10287A0024EDCC /* libCordova.a */,
				DC2150E21A10287A0024EDCC /* libMKNetworkKit-iOS.a */,
				DC2150E31A10287A0024EDCC /* libSalesforceHybridSDK.a */,
				DC2150E41A10287A0024EDCC /* libSalesforceNativeSDK.a */,
				DC2150E51A10287A0024EDCC /* libSalesforceNetworkSDK.a */,
				DC2150E61A10287A0024EDCC /* libSalesforceOAuth.a */,
				DC2150E71A10287A0024EDCC /* libSalesforceSDKCore.a */,
				DC2150E81A10287A0024EDCC /* libSalesforceSecurity.a */,
			);
			path = iphonesimulator;
			sourceTree = "<group>";
		};
		DC2150791A10287A0024EDCC /* Headers */ = {
			isa = PBXGroup;
			children = (
				DC21507A1A10287A0024EDCC /* MKNetworkKit-iOS */,
				DC2150811A10287A0024EDCC /* SalesforceHybridSDK */,
				DC21508A1A10287A0024EDCC /* SalesforceNativeSDK */,
				DC2150901A10287A0024EDCC /* SalesforceNetworkSDK */,
				DC2150951A10287A0024EDCC /* SalesforceOAuth */,
				DC2150991A10287A0024EDCC /* SalesforceSDKCore */,
				DC2150BE1A10287A0024EDCC /* SalesforceSecurity */,
			);
			path = Headers;
			sourceTree = "<group>";
		};
		DC21507A1A10287A0024EDCC /* MKNetworkKit-iOS */ = {
			isa = PBXGroup;
			children = (
				DC21507B1A10287A0024EDCC /* MKNetworkEngine.h */,
				DC21507C1A10287A0024EDCC /* MKNetworkKit.h */,
				DC21507D1A10287A0024EDCC /* MKNetworkOperation.h */,
				DC21507E1A10287A0024EDCC /* NSDictionary+RequestEncoding.h */,
				DC21507F1A10287A0024EDCC /* NSString+MKNetworkKitAdditions.h */,
				DC2150801A10287A0024EDCC /* UIAlertView+MKNetworkKitAdditions.h */,
			);
			path = "MKNetworkKit-iOS";
			sourceTree = "<group>";
		};
		DC2150811A10287A0024EDCC /* SalesforceHybridSDK */ = {
			isa = PBXGroup;
			children = (
				DC2150821A10287A0024EDCC /* CDVPlugin+SFAdditions.h */,
				DC2150831A10287A0024EDCC /* SalesforceOAuthPlugin.h */,
				DC2150841A10287A0024EDCC /* SFAccountManagerPlugin.h */,
				DC2150851A10287A0024EDCC /* SFHybridViewConfig.h */,
				DC2150861A10287A0024EDCC /* SFHybridViewController.h */,
				DC2150871A10287A0024EDCC /* SFLocalhostSubstitutionCache.h */,
				DC2150881A10287A0024EDCC /* SFSDKInfoPlugin.h */,
				DC2150891A10287A0024EDCC /* SFSmartStorePlugin.h */,
			);
			path = SalesforceHybridSDK;
			sourceTree = "<group>";
		};
		DC21508A1A10287A0024EDCC /* SalesforceNativeSDK */ = {
			isa = PBXGroup;
			children = (
				DC21508B1A10287A0024EDCC /* SFRestAPI+Blocks.h */,
				DC21508C1A10287A0024EDCC /* SFRestAPI+Files.h */,
				DC21508D1A10287A0024EDCC /* SFRestAPI+QueryBuilder.h */,
				DC21508E1A10287A0024EDCC /* SFRestAPI.h */,
				DC21508F1A10287A0024EDCC /* SFRestRequest.h */,
			);
			path = SalesforceNativeSDK;
			sourceTree = "<group>";
		};
		DC2150901A10287A0024EDCC /* SalesforceNetworkSDK */ = {
			isa = PBXGroup;
			children = (
				DC2150911A10287A0024EDCC /* SFNetworkCoordinator.h */,
				DC2150921A10287A0024EDCC /* SFNetworkEngine.h */,
				DC2150931A10287A0024EDCC /* SFNetworkOperation.h */,
				DC2150941A10287A0024EDCC /* SFNetworkUtils.h */,
			);
			path = SalesforceNetworkSDK;
			sourceTree = "<group>";
		};
		DC2150951A10287A0024EDCC /* SalesforceOAuth */ = {
			isa = PBXGroup;
			children = (
				DC2150961A10287A0024EDCC /* SFOAuthCoordinator.h */,
				DC2150971A10287A0024EDCC /* SFOAuthCredentials.h */,
				DC2150981A10287A0024EDCC /* SFOAuthInfo.h */,
			);
			path = SalesforceOAuth;
			sourceTree = "<group>";
		};
		DC2150991A10287A0024EDCC /* SalesforceSDKCore */ = {
			isa = PBXGroup;
			children = (
				DC21509A1A10287A0024EDCC /* FMDatabase.h */,
				DC21509B1A10287A0024EDCC /* FMResultSet.h */,
				DC21509C1A10287A0024EDCC /* NSURL+SFStringUtils.h */,
				DC21509D1A10287A0024EDCC /* SalesforceSDKConstants.h */,
				DC21509E1A10287A0024EDCC /* SFAbstractPasscodeViewController.h */,
				DC21509F1A10287A0024EDCC /* SFApplication.h */,
				DC2150A01A10287A0024EDCC /* SFAuthenticationManager+Internal.h */,
				DC2150A11A10287A0024EDCC /* SFAuthenticationManager.h */,
				DC2150A21A10287A0024EDCC /* SFAuthenticationViewHandler.h */,
				DC2150A31A10287A0024EDCC /* SFAuthErrorHandler.h */,
				DC2150A41A10287A0024EDCC /* SFAuthErrorHandlerList.h */,
				DC2150A51A10287A0024EDCC /* SFAuthorizingViewController.h */,
				DC2150A61A10287A0024EDCC /* SFCommunityData.h */,
				DC2150A71A10287A0024EDCC /* SFDefaultUserManagementViewController.h */,
				DC2150A81A10287A0024EDCC /* SFDirectoryManager.h */,
				DC2150A91A10287A0024EDCC /* SFIdentityCoordinator.h */,
				DC2150AA1A10287A0024EDCC /* SFIdentityData.h */,
				DC2150AB1A10287A0024EDCC /* SFJsonUtils.h */,
				DC2150AC1A10287A0024EDCC /* SFPreferences.h */,
				DC2150AD1A10287A0024EDCC /* SFPushNotificationManager.h */,
				DC2150AE1A10287A0024EDCC /* SFQuerySpec.h */,
				DC2150AF1A10287A0024EDCC /* SFSDKResourceUtils.h */,
				DC2150B01A10287A0024EDCC /* SFSDKTestCredentialsData.h */,
				DC2150B11A10287A0024EDCC /* SFSDKTestRequestListener.h */,
				DC2150B21A10287A0024EDCC /* SFSDKWebUtils.h */,
				DC2150B31A10287A0024EDCC /* SFSecurityLockout.h */,
				DC2150B41A10287A0024EDCC /* SFSmartStore.h */,
				DC2150B51A10287A0024EDCC /* SFSmartStoreDatabaseManager.h */,
				DC2150B61A10287A0024EDCC /* SFSmartStoreInspectorViewController.h */,
				DC2150B71A10287A0024EDCC /* SFSoupIndex.h */,
				DC2150B81A10287A0024EDCC /* SFStoreCursor.h */,
				DC2150B91A10287A0024EDCC /* SFUserAccount.h */,
				DC2150BA1A10287A0024EDCC /* SFUserAccountConstants.h */,
				DC2150BB1A10287A0024EDCC /* SFUserAccountManager.h */,
				DC2150BC1A10287A0024EDCC /* SFUserActivityMonitor.h */,
				DC2150BD1A10287A0024EDCC /* TestSetupUtils.h */,
			);
			path = SalesforceSDKCore;
			sourceTree = "<group>";
		};
		DC2150BE1A10287A0024EDCC /* SalesforceSecurity */ = {
			isa = PBXGroup;
			children = (
				DC2150BF1A10287A0024EDCC /* SFEncryptionKey.h */,
				DC2150C01A10287A0024EDCC /* SFKeyStoreKey.h */,
				DC2150C11A10287A0024EDCC /* SFKeyStoreManager.h */,
				DC2150C21A10287A0024EDCC /* SFPasscodeManager+Internal.h */,
				DC2150C31A10287A0024EDCC /* SFPasscodeManager.h */,
				DC2150C41A10287A0024EDCC /* SFPasscodeProviderManager.h */,
				DC2150C51A10287A0024EDCC /* SFSDKCryptoUtils.h */,
			);
			path = SalesforceSecurity;
			sourceTree = "<group>";
		};
		DC2150C61A10287A0024EDCC /* include */ = {
			isa = PBXGroup;
			children = (
				DC2150C71A10287A0024EDCC /* Cordova */,
			);
			path = include;
			sourceTree = "<group>";
		};
		DC2150C71A10287A0024EDCC /* Cordova */ = {
			isa = PBXGroup;
			children = (
				DC2150C81A10287A0024EDCC /* CDV.h */,
				DC2150C91A10287A0024EDCC /* CDVAvailability.h */,
				DC2150CA1A10287A0024EDCC /* CDVCommandDelegate.h */,
				DC2150CB1A10287A0024EDCC /* CDVCommandDelegateImpl.h */,
				DC2150CC1A10287A0024EDCC /* CDVCommandQueue.h */,
				DC2150CD1A10287A0024EDCC /* CDVConfigParser.h */,
				DC2150CE1A10287A0024EDCC /* CDVDebug.h */,
				DC2150CF1A10287A0024EDCC /* CDVInvokedUrlCommand.h */,
				DC2150D01A10287A0024EDCC /* CDVJSON.h */,
				DC2150D11A10287A0024EDCC /* CDVLocalStorage.h */,
				DC2150D21A10287A0024EDCC /* CDVPlugin.h */,
				DC2150D31A10287A0024EDCC /* CDVPluginResult.h */,
				DC2150D41A10287A0024EDCC /* CDVScreenOrientationDelegate.h */,
				DC2150D51A10287A0024EDCC /* CDVShared.h */,
				DC2150D61A10287A0024EDCC /* CDVTimer.h */,
				DC2150D71A10287A0024EDCC /* CDVURLProtocol.h */,
				DC2150D81A10287A0024EDCC /* CDVUserAgentUtil.h */,
				DC2150D91A10287A0024EDCC /* CDVViewController.h */,
				DC2150DA1A10287A0024EDCC /* CDVWebViewDelegate.h */,
				DC2150DB1A10287A0024EDCC /* CDVWhitelist.h */,
				DC2150DC1A10287A0024EDCC /* NSArray+Comparisons.h */,
				DC2150DD1A10287A0024EDCC /* NSData+Base64.h */,
				DC2150DE1A10287A0024EDCC /* NSDictionary+Extensions.h */,
				DC2150DF1A10287A0024EDCC /* NSMutableArray+QueueAdditions.h */,
				DC2150E01A10287A0024EDCC /* UIDevice+Extensions.h */,
			);
			path = Cordova;
			sourceTree = "<group>";
		};
/* End PBXGroup section */

/* Begin PBXNativeTarget section */
		DC214FDC1A10286D0024EDCC /* AuctionAppiOS */ = {
			isa = PBXNativeTarget;
			buildConfigurationList = DC2150001A10286D0024EDCC /* Build configuration list for PBXNativeTarget "AuctionAppiOS" */;
			buildPhases = (
				DC214FD91A10286D0024EDCC /* Sources */,
				DC214FDA1A10286D0024EDCC /* Frameworks */,
				DC214FDB1A10286D0024EDCC /* Resources */,
			);
			buildRules = (
			);
			dependencies = (
			);
			name = AuctionAppiOS;
			productName = AuctionAppiOS;
			productReference = DC214FDD1A10286D0024EDCC /* AuctionAppiOS.app */;
			productType = "com.apple.product-type.application";
		};
		DC214FF51A10286D0024EDCC /* AuctionAppiOSTests */ = {
			isa = PBXNativeTarget;
			buildConfigurationList = DC2150031A10286D0024EDCC /* Build configuration list for PBXNativeTarget "AuctionAppiOSTests" */;
			buildPhases = (
				DC214FF21A10286D0024EDCC /* Sources */,
				DC214FF31A10286D0024EDCC /* Frameworks */,
				DC214FF41A10286D0024EDCC /* Resources */,
			);
			buildRules = (
			);
			dependencies = (
				DC214FF81A10286D0024EDCC /* PBXTargetDependency */,
			);
			name = AuctionAppiOSTests;
			productName = AuctionAppiOSTests;
			productReference = DC214FF61A10286D0024EDCC /* AuctionAppiOSTests.xctest */;
			productType = "com.apple.product-type.bundle.unit-test";
		};
/* End PBXNativeTarget section */

/* Begin PBXProject section */
		DC214FD51A10286D0024EDCC /* Project object */ = {
			isa = PBXProject;
			attributes = {
				LastUpgradeCheck = 0610;
				ORGANIZATIONNAME = "Schoolyard Booleans";
				TargetAttributes = {
					DC214FDC1A10286D0024EDCC = {
						CreatedOnToolsVersion = 6.1;
					};
					DC214FF51A10286D0024EDCC = {
						CreatedOnToolsVersion = 6.1;
						TestTargetID = DC214FDC1A10286D0024EDCC;
					};
				};
			};
			buildConfigurationList = DC214FD81A10286D0024EDCC /* Build configuration list for PBXProject "AuctionAppiOS" */;
			compatibilityVersion = "Xcode 3.2";
			developmentRegion = English;
			hasScannedForEncodings = 0;
			knownRegions = (
				en,
				Base,
			);
			mainGroup = DC214FD41A10286D0024EDCC;
			productRefGroup = DC214FDE1A10286D0024EDCC /* Products */;
			projectDirPath = "";
			projectRoot = "";
			targets = (
				DC214FDC1A10286D0024EDCC /* AuctionAppiOS */,
				DC214FF51A10286D0024EDCC /* AuctionAppiOSTests */,
			);
		};
/* End PBXProject section */

/* Begin PBXResourcesBuildPhase section */
		DC214FDB1A10286D0024EDCC /* Resources */ = {
			isa = PBXResourcesBuildPhase;
			buildActionMask = 2147483647;
			files = (
				DC214FEC1A10286D0024EDCC /* Main.storyboard in Resources */,
				DC214FF11A10286D0024EDCC /* LaunchScreen.xib in Resources */,
				DC214FEE1A10286D0024EDCC /* Images.xcassets in Resources */,
			);
			runOnlyForDeploymentPostprocessing = 0;
		};
		DC214FF41A10286D0024EDCC /* Resources */ = {
			isa = PBXResourcesBuildPhase;
			buildActionMask = 2147483647;
			files = (
			);
			runOnlyForDeploymentPostprocessing = 0;
		};
/* End PBXResourcesBuildPhase section */

/* Begin PBXSourcesBuildPhase section */
		DC214FD91A10286D0024EDCC /* Sources */ = {
			isa = PBXSourcesBuildPhase;
			buildActionMask = 2147483647;
			files = (
				DC214FE91A10286D0024EDCC /* ViewController.m in Sources */,
				DC214FE61A10286D0024EDCC /* AppDelegate.m in Sources */,
				DC214FE31A10286D0024EDCC /* main.m in Sources */,
			);
			runOnlyForDeploymentPostprocessing = 0;
		};
		DC214FF21A10286D0024EDCC /* Sources */ = {
			isa = PBXSourcesBuildPhase;
			buildActionMask = 2147483647;
			files = (
				DC214FFD1A10286D0024EDCC /* AuctionAppiOSTests.m in Sources */,
			);
			runOnlyForDeploymentPostprocessing = 0;
		};
/* End PBXSourcesBuildPhase section */

/* Begin PBXTargetDependency section */
		DC214FF81A10286D0024EDCC /* PBXTargetDependency */ = {
			isa = PBXTargetDependency;
			target = DC214FDC1A10286D0024EDCC /* AuctionAppiOS */;
			targetProxy = DC214FF71A10286D0024EDCC /* PBXContainerItemProxy */;
		};
/* End PBXTargetDependency section */

/* Begin PBXVariantGroup section */
		DC214FEA1A10286D0024EDCC /* Main.storyboard */ = {
			isa = PBXVariantGroup;
			children = (
				DC214FEB1A10286D0024EDCC /* Base */,
			);
			name = Main.storyboard;
			sourceTree = "<group>";
		};
		DC214FEF1A10286D0024EDCC /* LaunchScreen.xib */ = {
			isa = PBXVariantGroup;
			children = (
				DC214FF01A10286D0024EDCC /* Base */,
			);
			name = LaunchScreen.xib;
			sourceTree = "<group>";
		};
/* End PBXVariantGroup section */

/* Begin XCBuildConfiguration section */
		DC214FFE1A10286D0024EDCC /* Debug */ = {
			isa = XCBuildConfiguration;
			buildSettings = {
				ALWAYS_SEARCH_USER_PATHS = NO;
				CLANG_CXX_LANGUAGE_STANDARD = "gnu++0x";
				CLANG_CXX_LIBRARY = "libc++";
				CLANG_ENABLE_MODULES = YES;
				CLANG_ENABLE_OBJC_ARC = YES;
				CLANG_WARN_BOOL_CONVERSION = YES;
				CLANG_WARN_CONSTANT_CONVERSION = YES;
				CLANG_WARN_DIRECT_OBJC_ISA_USAGE = YES_ERROR;
				CLANG_WARN_EMPTY_BODY = YES;
				CLANG_WARN_ENUM_CONVERSION = YES;
				CLANG_WARN_INT_CONVERSION = YES;
				CLANG_WARN_OBJC_ROOT_CLASS = YES_ERROR;
				CLANG_WARN_UNREACHABLE_CODE = YES;
				CLANG_WARN__DUPLICATE_METHOD_MATCH = YES;
				"CODE_SIGN_IDENTITY[sdk=iphoneos*]" = "iPhone Developer";
				COPY_PHASE_STRIP = NO;
				ENABLE_STRICT_OBJC_MSGSEND = YES;
				GCC_C_LANGUAGE_STANDARD = gnu99;
				GCC_DYNAMIC_NO_PIC = NO;
				GCC_OPTIMIZATION_LEVEL = 0;
				GCC_PREPROCESSOR_DEFINITIONS = (
					"DEBUG=1",
					"$(inherited)",
				);
				GCC_SYMBOLS_PRIVATE_EXTERN = NO;
				GCC_WARN_64_TO_32_BIT_CONVERSION = YES;
				GCC_WARN_ABOUT_RETURN_TYPE = YES_ERROR;
				GCC_WARN_UNDECLARED_SELECTOR = YES;
				GCC_WARN_UNINITIALIZED_AUTOS = YES_AGGRESSIVE;
				GCC_WARN_UNUSED_FUNCTION = YES;
				GCC_WARN_UNUSED_VARIABLE = YES;
				IPHONEOS_DEPLOYMENT_TARGET = 8.1;
				MTL_ENABLE_DEBUG_INFO = YES;
				ONLY_ACTIVE_ARCH = YES;
				SDKROOT = iphoneos;
				TARGETED_DEVICE_FAMILY = "1,2";
			};
			name = Debug;
		};
		DC214FFF1A10286D0024EDCC /* Release */ = {
			isa = XCBuildConfiguration;
			buildSettings = {
				ALWAYS_SEARCH_USER_PATHS = NO;
				CLANG_CXX_LANGUAGE_STANDARD = "gnu++0x";
				CLANG_CXX_LIBRARY = "libc++";
				CLANG_ENABLE_MODULES = YES;
				CLANG_ENABLE_OBJC_ARC = YES;
				CLANG_WARN_BOOL_CONVERSION = YES;
				CLANG_WARN_CONSTANT_CONVERSION = YES;
				CLANG_WARN_DIRECT_OBJC_ISA_USAGE = YES_ERROR;
				CLANG_WARN_EMPTY_BODY = YES;
				CLANG_WARN_ENUM_CONVERSION = YES;
				CLANG_WARN_INT_CONVERSION = YES;
				CLANG_WARN_OBJC_ROOT_CLASS = YES_ERROR;
				CLANG_WARN_UNREACHABLE_CODE = YES;
				CLANG_WARN__DUPLICATE_METHOD_MATCH = YES;
				"CODE_SIGN_IDENTITY[sdk=iphoneos*]" = "iPhone Developer";
				COPY_PHASE_STRIP = YES;
				ENABLE_NS_ASSERTIONS = NO;
				ENABLE_STRICT_OBJC_MSGSEND = YES;
				GCC_C_LANGUAGE_STANDARD = gnu99;
				GCC_WARN_64_TO_32_BIT_CONVERSION = YES;
				GCC_WARN_ABOUT_RETURN_TYPE = YES_ERROR;
				GCC_WARN_UNDECLARED_SELECTOR = YES;
				GCC_WARN_UNINITIALIZED_AUTOS = YES_AGGRESSIVE;
				GCC_WARN_UNUSED_FUNCTION = YES;
				GCC_WARN_UNUSED_VARIABLE = YES;
				IPHONEOS_DEPLOYMENT_TARGET = 8.1;
				MTL_ENABLE_DEBUG_INFO = NO;
				SDKROOT = iphoneos;
				TARGETED_DEVICE_FAMILY = "1,2";
				VALIDATE_PRODUCT = YES;
			};
			name = Release;
		};
		DC2150011A10286D0024EDCC /* Debug */ = {
			isa = XCBuildConfiguration;
			buildSettings = {
				ASSETCATALOG_COMPILER_APPICON_NAME = AppIcon;
				INFOPLIST_FILE = AuctionAppiOS/Info.plist;
				LD_RUNPATH_SEARCH_PATHS = "$(inherited) @executable_path/Frameworks";
				LIBRARY_SEARCH_PATHS = (
					"$(inherited)",
					"$(PROJECT_DIR)/Salesforce",
					iOS,
					API/iphoneos,
					"$(PROJECT_DIR)/Salesforce",
					iOS,
					API/iphonesimulator,
				);
				PRODUCT_NAME = "$(TARGET_NAME)";
			};
			name = Debug;
		};
		DC2150021A10286D0024EDCC /* Release */ = {
			isa = XCBuildConfiguration;
			buildSettings = {
				ASSETCATALOG_COMPILER_APPICON_NAME = AppIcon;
				INFOPLIST_FILE = AuctionAppiOS/Info.plist;
				LD_RUNPATH_SEARCH_PATHS = "$(inherited) @executable_path/Frameworks";
				LIBRARY_SEARCH_PATHS = (
					"$(inherited)",
					"$(PROJECT_DIR)/Salesforce",
					iOS,
					API/iphoneos,
					"$(PROJECT_DIR)/Salesforce",
					iOS,
					API/iphonesimulator,
				);
				PRODUCT_NAME = "$(TARGET_NAME)";
			};
			name = Release;
		};
		DC2150041A10286D0024EDCC /* Debug */ = {
			isa = XCBuildConfiguration;
			buildSettings = {
				BUNDLE_LOADER = "$(TEST_HOST)";
				FRAMEWORK_SEARCH_PATHS = (
					"$(SDKROOT)/Developer/Library/Frameworks",
					"$(inherited)",
				);
				GCC_PREPROCESSOR_DEFINITIONS = (
					"DEBUG=1",
					"$(inherited)",
				);
				INFOPLIST_FILE = AuctionAppiOSTests/Info.plist;
				LD_RUNPATH_SEARCH_PATHS = "$(inherited) @executable_path/Frameworks @loader_path/Frameworks";
				LIBRARY_SEARCH_PATHS = (
					"$(inherited)",
					"$(PROJECT_DIR)/Salesforce",
					iOS,
					API/iphoneos,
					"$(PROJECT_DIR)/Salesforce",
					iOS,
					API/iphonesimulator,
				);
				PRODUCT_NAME = "$(TARGET_NAME)";
				TEST_HOST = "$(BUILT_PRODUCTS_DIR)/AuctionAppiOS.app/AuctionAppiOS";
			};
			name = Debug;
		};
		DC2150051A10286D0024EDCC /* Release */ = {
			isa = XCBuildConfiguration;
			buildSettings = {
				BUNDLE_LOADER = "$(TEST_HOST)";
				FRAMEWORK_SEARCH_PATHS = (
					"$(SDKROOT)/Developer/Library/Frameworks",
					"$(inherited)",
				);
				INFOPLIST_FILE = AuctionAppiOSTests/Info.plist;
				LD_RUNPATH_SEARCH_PATHS = "$(inherited) @executable_path/Frameworks @loader_path/Frameworks";
				LIBRARY_SEARCH_PATHS = (
					"$(inherited)",
					"$(PROJECT_DIR)/Salesforce",
					iOS,
					API/iphoneos,
					"$(PROJECT_DIR)/Salesforce",
					iOS,
					API/iphonesimulator,
				);
				PRODUCT_NAME = "$(TARGET_NAME)";
				TEST_HOST = "$(BUILT_PRODUCTS_DIR)/AuctionAppiOS.app/AuctionAppiOS";
			};
			name = Release;
		};
/* End XCBuildConfiguration section */

/* Begin XCConfigurationList section */
		DC214FD81A10286D0024EDCC /* Build configuration list for PBXProject "AuctionAppiOS" */ = {
			isa = XCConfigurationList;
			buildConfigurations = (
				DC214FFE1A10286D0024EDCC /* Debug */,
				DC214FFF1A10286D0024EDCC /* Release */,
			);
			defaultConfigurationIsVisible = 0;
			defaultConfigurationName = Release;
		};
		DC2150001A10286D0024EDCC /* Build configuration list for PBXNativeTarget "AuctionAppiOS" */ = {
			isa = XCConfigurationList;
			buildConfigurations = (
				DC2150011A10286D0024EDCC /* Debug */,
				DC2150021A10286D0024EDCC /* Release */,
			);
			defaultConfigurationIsVisible = 0;
		};
		DC2150031A10286D0024EDCC /* Build configuration list for PBXNativeTarget "AuctionAppiOSTests" */ = {
			isa = XCConfigurationList;
			buildConfigurations = (
				DC2150041A10286D0024EDCC /* Debug */,
				DC2150051A10286D0024EDCC /* Release */,
			);
			defaultConfigurationIsVisible = 0;
		};
/* End XCConfigurationList section */
	};
	rootObject = DC214FD51A10286D0024EDCC /* Project object */;
}
