// !$*UTF8*$!
{
	archiveVersion = 1;
	classes = {
	};
	objectVersion = 46;
	objects = {

/* Begin PBXBuildFile section */
		DC28144B1A2E935A00F25C78 /* PickAuctionController.m in Sources */ = {isa = PBXBuildFile; fileRef = DC28144A1A2E935A00F25C78 /* PickAuctionController.m */; };
		DC744F0B1A2C009B0066F329 /* AuctionInfo.m in Sources */ = {isa = PBXBuildFile; fileRef = DC744F091A2C009B0066F329 /* AuctionInfo.m */; };
		DC744F0C1A2C009B0066F329 /* AuctionInfo.m in Sources */ = {isa = PBXBuildFile; fileRef = DC744F091A2C009B0066F329 /* AuctionInfo.m */; };
		DC744F0D1A2C009B0066F329 /* NonprofitInfo.m in Sources */ = {isa = PBXBuildFile; fileRef = DC744F0A1A2C009B0066F329 /* NonprofitInfo.m */; };
		DC744F0E1A2C009B0066F329 /* NonprofitInfo.m in Sources */ = {isa = PBXBuildFile; fileRef = DC744F0A1A2C009B0066F329 /* NonprofitInfo.m */; };
		DC744F131A2C00AB0066F329 /* PickNonprofitModel.m in Sources */ = {isa = PBXBuildFile; fileRef = DC744F111A2C00AB0066F329 /* PickNonprofitModel.m */; };
		DC744F141A2C00AB0066F329 /* PickNonprofitModel.m in Sources */ = {isa = PBXBuildFile; fileRef = DC744F111A2C00AB0066F329 /* PickNonprofitModel.m */; };
		DC744F151A2C00AB0066F329 /* ServerConnection.m in Sources */ = {isa = PBXBuildFile; fileRef = DC744F121A2C00AB0066F329 /* ServerConnection.m */; };
		DC744F161A2C00AB0066F329 /* ServerConnection.m in Sources */ = {isa = PBXBuildFile; fileRef = DC744F121A2C00AB0066F329 /* ServerConnection.m */; };
		DCD21EA51A2E45380059394E /* PickNonprofitController.m in Sources */ = {isa = PBXBuildFile; fileRef = DCD21EA41A2E45380059394E /* PickNonprofitController.m */; };
		DCFA94A91A102BB3006CB212 /* main.m in Sources */ = {isa = PBXBuildFile; fileRef = DCFA94A81A102BB3006CB212 /* main.m */; };
		DCFA94AC1A102BB3006CB212 /* AppDelegate.m in Sources */ = {isa = PBXBuildFile; fileRef = DCFA94AB1A102BB3006CB212 /* AppDelegate.m */; };
		DCFA94B21A102BB3006CB212 /* Main.storyboard in Resources */ = {isa = PBXBuildFile; fileRef = DCFA94B01A102BB3006CB212 /* Main.storyboard */; };
		DCFA94B41A102BB3006CB212 /* Images.xcassets in Resources */ = {isa = PBXBuildFile; fileRef = DCFA94B31A102BB3006CB212 /* Images.xcassets */; };
		DCFA94B71A102BB3006CB212 /* LaunchScreen.xib in Resources */ = {isa = PBXBuildFile; fileRef = DCFA94B51A102BB3006CB212 /* LaunchScreen.xib */; };
		DCFA94C31A102BB3006CB212 /* AuctionAppTests.m in Sources */ = {isa = PBXBuildFile; fileRef = DCFA94C21A102BB3006CB212 /* AuctionAppTests.m */; };
/* End PBXBuildFile section */

/* Begin PBXContainerItemProxy section */
		DCFA94BD1A102BB3006CB212 /* PBXContainerItemProxy */ = {
			isa = PBXContainerItemProxy;
			containerPortal = DCFA949B1A102BB3006CB212 /* Project object */;
			proxyType = 1;
			remoteGlobalIDString = DCFA94A21A102BB3006CB212;
			remoteInfo = AuctionApp;
		};
/* End PBXContainerItemProxy section */

/* Begin PBXFileReference section */
		DC2814491A2E935A00F25C78 /* PickAuctionController.h */ = {isa = PBXFileReference; fileEncoding = 4; lastKnownFileType = sourcecode.c.h; path = PickAuctionController.h; sourceTree = "<group>"; };
		DC28144A1A2E935A00F25C78 /* PickAuctionController.m */ = {isa = PBXFileReference; fileEncoding = 4; lastKnownFileType = sourcecode.c.objc; path = PickAuctionController.m; sourceTree = "<group>"; };
		DC744F071A2C009B0066F329 /* AuctionInfo.h */ = {isa = PBXFileReference; fileEncoding = 4; lastKnownFileType = sourcecode.c.h; path = AuctionInfo.h; sourceTree = "<group>"; };
		DC744F081A2C009B0066F329 /* NonprofitInfo.h */ = {isa = PBXFileReference; fileEncoding = 4; lastKnownFileType = sourcecode.c.h; path = NonprofitInfo.h; sourceTree = "<group>"; };
		DC744F091A2C009B0066F329 /* AuctionInfo.m */ = {isa = PBXFileReference; fileEncoding = 4; lastKnownFileType = sourcecode.c.objc; path = AuctionInfo.m; sourceTree = "<group>"; };
		DC744F0A1A2C009B0066F329 /* NonprofitInfo.m */ = {isa = PBXFileReference; fileEncoding = 4; lastKnownFileType = sourcecode.c.objc; path = NonprofitInfo.m; sourceTree = "<group>"; };
		DC744F0F1A2C00AB0066F329 /* PickNonprofitModel.h */ = {isa = PBXFileReference; fileEncoding = 4; lastKnownFileType = sourcecode.c.h; path = PickNonprofitModel.h; sourceTree = "<group>"; };
		DC744F101A2C00AB0066F329 /* ServerConnection.h */ = {isa = PBXFileReference; fileEncoding = 4; lastKnownFileType = sourcecode.c.h; path = ServerConnection.h; sourceTree = "<group>"; };
		DC744F111A2C00AB0066F329 /* PickNonprofitModel.m */ = {isa = PBXFileReference; fileEncoding = 4; lastKnownFileType = sourcecode.c.objc; path = PickNonprofitModel.m; sourceTree = "<group>"; };
		DC744F121A2C00AB0066F329 /* ServerConnection.m */ = {isa = PBXFileReference; fileEncoding = 4; lastKnownFileType = sourcecode.c.objc; path = ServerConnection.m; sourceTree = "<group>"; };
		DCD21EA31A2E45380059394E /* PickNonprofitController.h */ = {isa = PBXFileReference; fileEncoding = 4; lastKnownFileType = sourcecode.c.h; path = PickNonprofitController.h; sourceTree = "<group>"; };
		DCD21EA41A2E45380059394E /* PickNonprofitController.m */ = {isa = PBXFileReference; fileEncoding = 4; lastKnownFileType = sourcecode.c.objc; path = PickNonprofitController.m; sourceTree = "<group>"; };
		DCFA94A31A102BB3006CB212 /* AuctionApp.app */ = {isa = PBXFileReference; explicitFileType = wrapper.application; includeInIndex = 0; path = AuctionApp.app; sourceTree = BUILT_PRODUCTS_DIR; };
		DCFA94A71A102BB3006CB212 /* Info.plist */ = {isa = PBXFileReference; lastKnownFileType = text.plist.xml; path = Info.plist; sourceTree = "<group>"; };
		DCFA94A81A102BB3006CB212 /* main.m */ = {isa = PBXFileReference; lastKnownFileType = sourcecode.c.objc; path = main.m; sourceTree = "<group>"; };
		DCFA94AA1A102BB3006CB212 /* AppDelegate.h */ = {isa = PBXFileReference; lastKnownFileType = sourcecode.c.h; path = AppDelegate.h; sourceTree = "<group>"; };
		DCFA94AB1A102BB3006CB212 /* AppDelegate.m */ = {isa = PBXFileReference; lastKnownFileType = sourcecode.c.objc; path = AppDelegate.m; sourceTree = "<group>"; };
		DCFA94B11A102BB3006CB212 /* Base */ = {isa = PBXFileReference; lastKnownFileType = file.storyboard; name = Base; path = Base.lproj/Main.storyboard; sourceTree = "<group>"; };
		DCFA94B31A102BB3006CB212 /* Images.xcassets */ = {isa = PBXFileReference; lastKnownFileType = folder.assetcatalog; path = Images.xcassets; sourceTree = "<group>"; };
		DCFA94B61A102BB3006CB212 /* Base */ = {isa = PBXFileReference; lastKnownFileType = file.xib; name = Base; path = Base.lproj/LaunchScreen.xib; sourceTree = "<group>"; };
		DCFA94BC1A102BB3006CB212 /* AuctionAppTests.xctest */ = {isa = PBXFileReference; explicitFileType = wrapper.cfbundle; includeInIndex = 0; path = AuctionAppTests.xctest; sourceTree = BUILT_PRODUCTS_DIR; };
		DCFA94C11A102BB3006CB212 /* Info.plist */ = {isa = PBXFileReference; lastKnownFileType = text.plist.xml; path = Info.plist; sourceTree = "<group>"; };
		DCFA94C21A102BB3006CB212 /* AuctionAppTests.m */ = {isa = PBXFileReference; lastKnownFileType = sourcecode.c.objc; path = AuctionAppTests.m; sourceTree = "<group>"; };
/* End PBXFileReference section */

/* Begin PBXFrameworksBuildPhase section */
		DCFA94A01A102BB3006CB212 /* Frameworks */ = {
			isa = PBXFrameworksBuildPhase;
			buildActionMask = 2147483647;
			files = (
			);
			runOnlyForDeploymentPostprocessing = 0;
		};
		DCFA94B91A102BB3006CB212 /* Frameworks */ = {
			isa = PBXFrameworksBuildPhase;
			buildActionMask = 2147483647;
			files = (
			);
			runOnlyForDeploymentPostprocessing = 0;
		};
/* End PBXFrameworksBuildPhase section */

/* Begin PBXGroup section */
		DC744F051A2C007F0066F329 /* Model */ = {
			isa = PBXGroup;
			children = (
				DC744F0F1A2C00AB0066F329 /* PickNonprofitModel.h */,
				DC744F111A2C00AB0066F329 /* PickNonprofitModel.m */,
				DC744F101A2C00AB0066F329 /* ServerConnection.h */,
				DC744F121A2C00AB0066F329 /* ServerConnection.m */,
			);
			name = Model;
			sourceTree = "<group>";
		};
		DC744F061A2C00850066F329 /* Info */ = {
			isa = PBXGroup;
			children = (
				DC744F071A2C009B0066F329 /* AuctionInfo.h */,
				DC744F091A2C009B0066F329 /* AuctionInfo.m */,
				DC744F081A2C009B0066F329 /* NonprofitInfo.h */,
				DC744F0A1A2C009B0066F329 /* NonprofitInfo.m */,
			);
			name = Info;
			sourceTree = "<group>";
		};
		DCD21EA61A2E453F0059394E /* ViewControllers */ = {
			isa = PBXGroup;
			children = (
				DCD21EA31A2E45380059394E /* PickNonprofitController.h */,
				DCD21EA41A2E45380059394E /* PickNonprofitController.m */,
				DC2814491A2E935A00F25C78 /* PickAuctionController.h */,
				DC28144A1A2E935A00F25C78 /* PickAuctionController.m */,
			);
			name = ViewControllers;
			sourceTree = "<group>";
		};
		DCFA949A1A102BB3006CB212 = {
			isa = PBXGroup;
			children = (
				DCFA94A51A102BB3006CB212 /* AuctionApp */,
				DCFA94BF1A102BB3006CB212 /* AuctionAppTests */,
				DCFA94A41A102BB3006CB212 /* Products */,
			);
			sourceTree = "<group>";
		};
		DCFA94A41A102BB3006CB212 /* Products */ = {
			isa = PBXGroup;
			children = (
				DCFA94A31A102BB3006CB212 /* AuctionApp.app */,
				DCFA94BC1A102BB3006CB212 /* AuctionAppTests.xctest */,
			);
			name = Products;
			sourceTree = "<group>";
		};
		DCFA94A51A102BB3006CB212 /* AuctionApp */ = {
			isa = PBXGroup;
			children = (
				DC744F061A2C00850066F329 /* Info */,
				DC744F051A2C007F0066F329 /* Model */,
				DCD21EA61A2E453F0059394E /* ViewControllers */,
				DCFA94AA1A102BB3006CB212 /* AppDelegate.h */,
				DCFA94AB1A102BB3006CB212 /* AppDelegate.m */,
				DCFA94B01A102BB3006CB212 /* Main.storyboard */,
				DCFA94B31A102BB3006CB212 /* Images.xcassets */,
				DCFA94B51A102BB3006CB212 /* LaunchScreen.xib */,
				DCFA94A61A102BB3006CB212 /* Supporting Files */,
			);
			path = AuctionApp;
			sourceTree = "<group>";
		};
		DCFA94A61A102BB3006CB212 /* Supporting Files */ = {
			isa = PBXGroup;
			children = (
				DCFA94A71A102BB3006CB212 /* Info.plist */,
				DCFA94A81A102BB3006CB212 /* main.m */,
			);
			name = "Supporting Files";
			sourceTree = "<group>";
		};
		DCFA94BF1A102BB3006CB212 /* AuctionAppTests */ = {
			isa = PBXGroup;
			children = (
				DCFA94C21A102BB3006CB212 /* AuctionAppTests.m */,
				DCFA94C01A102BB3006CB212 /* Supporting Files */,
			);
			path = AuctionAppTests;
			sourceTree = "<group>";
		};
		DCFA94C01A102BB3006CB212 /* Supporting Files */ = {
			isa = PBXGroup;
			children = (
				DCFA94C11A102BB3006CB212 /* Info.plist */,
			);
			name = "Supporting Files";
			sourceTree = "<group>";
		};
/* End PBXGroup section */

/* Begin PBXNativeTarget section */
		DCFA94A21A102BB3006CB212 /* AuctionApp */ = {
			isa = PBXNativeTarget;
			buildConfigurationList = DCFA94C61A102BB3006CB212 /* Build configuration list for PBXNativeTarget "AuctionApp" */;
			buildPhases = (
				DCFA949F1A102BB3006CB212 /* Sources */,
				DCFA94A01A102BB3006CB212 /* Frameworks */,
				DCFA94A11A102BB3006CB212 /* Resources */,
			);
			buildRules = (
			);
			dependencies = (
			);
			name = AuctionApp;
			productName = AuctionApp;
			productReference = DCFA94A31A102BB3006CB212 /* AuctionApp.app */;
			productType = "com.apple.product-type.application";
		};
		DCFA94BB1A102BB3006CB212 /* AuctionAppTests */ = {
			isa = PBXNativeTarget;
			buildConfigurationList = DCFA94C91A102BB3006CB212 /* Build configuration list for PBXNativeTarget "AuctionAppTests" */;
			buildPhases = (
				DCFA94B81A102BB3006CB212 /* Sources */,
				DCFA94B91A102BB3006CB212 /* Frameworks */,
				DCFA94BA1A102BB3006CB212 /* Resources */,
			);
			buildRules = (
			);
			dependencies = (
				DCFA94BE1A102BB3006CB212 /* PBXTargetDependency */,
			);
			name = AuctionAppTests;
			productName = AuctionAppTests;
			productReference = DCFA94BC1A102BB3006CB212 /* AuctionAppTests.xctest */;
			productType = "com.apple.product-type.bundle.unit-test";
		};
/* End PBXNativeTarget section */

/* Begin PBXProject section */
		DCFA949B1A102BB3006CB212 /* Project object */ = {
			isa = PBXProject;
			attributes = {
				LastUpgradeCheck = 0610;
				ORGANIZATIONNAME = "Schoolyard Booleans";
				TargetAttributes = {
					DCFA94A21A102BB3006CB212 = {
						CreatedOnToolsVersion = 6.1;
					};
					DCFA94BB1A102BB3006CB212 = {
						CreatedOnToolsVersion = 6.1;
						TestTargetID = DCFA94A21A102BB3006CB212;
					};
				};
			};
			buildConfigurationList = DCFA949E1A102BB3006CB212 /* Build configuration list for PBXProject "AuctionApp" */;
			compatibilityVersion = "Xcode 3.2";
			developmentRegion = English;
			hasScannedForEncodings = 0;
			knownRegions = (
				en,
				Base,
			);
			mainGroup = DCFA949A1A102BB3006CB212;
			productRefGroup = DCFA94A41A102BB3006CB212 /* Products */;
			projectDirPath = "";
			projectRoot = "";
			targets = (
				DCFA94A21A102BB3006CB212 /* AuctionApp */,
				DCFA94BB1A102BB3006CB212 /* AuctionAppTests */,
			);
		};
/* End PBXProject section */

/* Begin PBXResourcesBuildPhase section */
		DCFA94A11A102BB3006CB212 /* Resources */ = {
			isa = PBXResourcesBuildPhase;
			buildActionMask = 2147483647;
			files = (
				DCFA94B21A102BB3006CB212 /* Main.storyboard in Resources */,
				DCFA94B71A102BB3006CB212 /* LaunchScreen.xib in Resources */,
				DCFA94B41A102BB3006CB212 /* Images.xcassets in Resources */,
			);
			runOnlyForDeploymentPostprocessing = 0;
		};
		DCFA94BA1A102BB3006CB212 /* Resources */ = {
			isa = PBXResourcesBuildPhase;
			buildActionMask = 2147483647;
			files = (
			);
			runOnlyForDeploymentPostprocessing = 0;
		};
/* End PBXResourcesBuildPhase section */

/* Begin PBXSourcesBuildPhase section */
		DCFA949F1A102BB3006CB212 /* Sources */ = {
			isa = PBXSourcesBuildPhase;
			buildActionMask = 2147483647;
			files = (
				DC28144B1A2E935A00F25C78 /* PickAuctionController.m in Sources */,
				DC744F131A2C00AB0066F329 /* PickNonprofitModel.m in Sources */,
				DC744F151A2C00AB0066F329 /* ServerConnection.m in Sources */,
				DC744F0D1A2C009B0066F329 /* NonprofitInfo.m in Sources */,
				DCFA94AC1A102BB3006CB212 /* AppDelegate.m in Sources */,
				DCFA94A91A102BB3006CB212 /* main.m in Sources */,
				DCD21EA51A2E45380059394E /* PickNonprofitController.m in Sources */,
				DC744F0B1A2C009B0066F329 /* AuctionInfo.m in Sources */,
			);
			runOnlyForDeploymentPostprocessing = 0;
		};
		DCFA94B81A102BB3006CB212 /* Sources */ = {
			isa = PBXSourcesBuildPhase;
			buildActionMask = 2147483647;
			files = (
				DC744F0E1A2C009B0066F329 /* NonprofitInfo.m in Sources */,
				DC744F161A2C00AB0066F329 /* ServerConnection.m in Sources */,
				DCFA94C31A102BB3006CB212 /* AuctionAppTests.m in Sources */,
				DC744F141A2C00AB0066F329 /* PickNonprofitModel.m in Sources */,
				DC744F0C1A2C009B0066F329 /* AuctionInfo.m in Sources */,
			);
			runOnlyForDeploymentPostprocessing = 0;
		};
/* End PBXSourcesBuildPhase section */

/* Begin PBXTargetDependency section */
		DCFA94BE1A102BB3006CB212 /* PBXTargetDependency */ = {
			isa = PBXTargetDependency;
			target = DCFA94A21A102BB3006CB212 /* AuctionApp */;
			targetProxy = DCFA94BD1A102BB3006CB212 /* PBXContainerItemProxy */;
		};
/* End PBXTargetDependency section */

/* Begin PBXVariantGroup section */
		DCFA94B01A102BB3006CB212 /* Main.storyboard */ = {
			isa = PBXVariantGroup;
			children = (
				DCFA94B11A102BB3006CB212 /* Base */,
			);
			name = Main.storyboard;
			sourceTree = "<group>";
		};
		DCFA94B51A102BB3006CB212 /* LaunchScreen.xib */ = {
			isa = PBXVariantGroup;
			children = (
				DCFA94B61A102BB3006CB212 /* Base */,
			);
			name = LaunchScreen.xib;
			sourceTree = "<group>";
		};
/* End PBXVariantGroup section */

/* Begin XCBuildConfiguration section */
		DCFA94C41A102BB3006CB212 /* Debug */ = {
			isa = XCBuildConfiguration;
			buildSettings = {
				ALWAYS_SEARCH_USER_PATHS = NO;
				CLANG_CXX_LANGUAGE_STANDARD = "gnu++0x";
				CLANG_CXX_LIBRARY = "libc++";
				CLANG_ENABLE_MODULES = YES;
				CLANG_ENABLE_OBJC_ARC = YES;
				CLANG_WARN_BOOL_CONVERSION = YES;
				CLANG_WARN_CONSTANT_CONVERSION = YES;
				CLANG_WARN_DIRECT_OBJC_ISA_USAGE = YES_ERROR;
				CLANG_WARN_EMPTY_BODY = YES;
				CLANG_WARN_ENUM_CONVERSION = YES;
				CLANG_WARN_INT_CONVERSION = YES;
				CLANG_WARN_OBJC_ROOT_CLASS = YES_ERROR;
				CLANG_WARN_UNREACHABLE_CODE = YES;
				CLANG_WARN__DUPLICATE_METHOD_MATCH = YES;
				"CODE_SIGN_IDENTITY[sdk=iphoneos*]" = "iPhone Developer";
				COPY_PHASE_STRIP = NO;
				ENABLE_STRICT_OBJC_MSGSEND = YES;
				GCC_C_LANGUAGE_STANDARD = gnu99;
				GCC_DYNAMIC_NO_PIC = NO;
				GCC_OPTIMIZATION_LEVEL = 0;
				GCC_PREPROCESSOR_DEFINITIONS = (
					"DEBUG=1",
					"$(inherited)",
				);
				GCC_SYMBOLS_PRIVATE_EXTERN = NO;
				GCC_WARN_64_TO_32_BIT_CONVERSION = YES;
				GCC_WARN_ABOUT_RETURN_TYPE = YES_ERROR;
				GCC_WARN_UNDECLARED_SELECTOR = YES;
				GCC_WARN_UNINITIALIZED_AUTOS = YES_AGGRESSIVE;
				GCC_WARN_UNUSED_FUNCTION = YES;
				GCC_WARN_UNUSED_VARIABLE = YES;
				IPHONEOS_DEPLOYMENT_TARGET = 8.1;
				MTL_ENABLE_DEBUG_INFO = YES;
				ONLY_ACTIVE_ARCH = YES;
				SDKROOT = iphoneos;
				TARGETED_DEVICE_FAMILY = "1,2";
			};
			name = Debug;
		};
		DCFA94C51A102BB3006CB212 /* Release */ = {
			isa = XCBuildConfiguration;
			buildSettings = {
				ALWAYS_SEARCH_USER_PATHS = NO;
				CLANG_CXX_LANGUAGE_STANDARD = "gnu++0x";
				CLANG_CXX_LIBRARY = "libc++";
				CLANG_ENABLE_MODULES = YES;
				CLANG_ENABLE_OBJC_ARC = YES;
				CLANG_WARN_BOOL_CONVERSION = YES;
				CLANG_WARN_CONSTANT_CONVERSION = YES;
				CLANG_WARN_DIRECT_OBJC_ISA_USAGE = YES_ERROR;
				CLANG_WARN_EMPTY_BODY = YES;
				CLANG_WARN_ENUM_CONVERSION = YES;
				CLANG_WARN_INT_CONVERSION = YES;
				CLANG_WARN_OBJC_ROOT_CLASS = YES_ERROR;
				CLANG_WARN_UNREACHABLE_CODE = YES;
				CLANG_WARN__DUPLICATE_METHOD_MATCH = YES;
				"CODE_SIGN_IDENTITY[sdk=iphoneos*]" = "iPhone Developer";
				COPY_PHASE_STRIP = YES;
				ENABLE_NS_ASSERTIONS = NO;
				ENABLE_STRICT_OBJC_MSGSEND = YES;
				GCC_C_LANGUAGE_STANDARD = gnu99;
				GCC_WARN_64_TO_32_BIT_CONVERSION = YES;
				GCC_WARN_ABOUT_RETURN_TYPE = YES_ERROR;
				GCC_WARN_UNDECLARED_SELECTOR = YES;
				GCC_WARN_UNINITIALIZED_AUTOS = YES_AGGRESSIVE;
				GCC_WARN_UNUSED_FUNCTION = YES;
				GCC_WARN_UNUSED_VARIABLE = YES;
				IPHONEOS_DEPLOYMENT_TARGET = 8.1;
				MTL_ENABLE_DEBUG_INFO = NO;
				SDKROOT = iphoneos;
				TARGETED_DEVICE_FAMILY = "1,2";
				VALIDATE_PRODUCT = YES;
			};
			name = Release;
		};
		DCFA94C71A102BB3006CB212 /* Debug */ = {
			isa = XCBuildConfiguration;
			buildSettings = {
				ASSETCATALOG_COMPILER_APPICON_NAME = AppIcon;
				INFOPLIST_FILE = AuctionApp/Info.plist;
				LD_RUNPATH_SEARCH_PATHS = "$(inherited) @executable_path/Frameworks";
				PRODUCT_NAME = "$(TARGET_NAME)";
			};
			name = Debug;
		};
		DCFA94C81A102BB3006CB212 /* Release */ = {
			isa = XCBuildConfiguration;
			buildSettings = {
				ASSETCATALOG_COMPILER_APPICON_NAME = AppIcon;
				INFOPLIST_FILE = AuctionApp/Info.plist;
				LD_RUNPATH_SEARCH_PATHS = "$(inherited) @executable_path/Frameworks";
				PRODUCT_NAME = "$(TARGET_NAME)";
			};
			name = Release;
		};
		DCFA94CA1A102BB3006CB212 /* Debug */ = {
			isa = XCBuildConfiguration;
			buildSettings = {
				BUNDLE_LOADER = "$(TEST_HOST)";
				FRAMEWORK_SEARCH_PATHS = (
					"$(SDKROOT)/Developer/Library/Frameworks",
					"$(inherited)",
				);
				GCC_PREPROCESSOR_DEFINITIONS = (
					"DEBUG=1",
					"$(inherited)",
				);
				INFOPLIST_FILE = AuctionAppTests/Info.plist;
				LD_RUNPATH_SEARCH_PATHS = "$(inherited) @executable_path/Frameworks @loader_path/Frameworks";
				PRODUCT_NAME = "$(TARGET_NAME)";
				TEST_HOST = "$(BUILT_PRODUCTS_DIR)/AuctionApp.app/AuctionApp";
			};
			name = Debug;
		};
		DCFA94CB1A102BB3006CB212 /* Release */ = {
			isa = XCBuildConfiguration;
			buildSettings = {
				BUNDLE_LOADER = "$(TEST_HOST)";
				FRAMEWORK_SEARCH_PATHS = (
					"$(SDKROOT)/Developer/Library/Frameworks",
					"$(inherited)",
				);
				INFOPLIST_FILE = AuctionAppTests/Info.plist;
				LD_RUNPATH_SEARCH_PATHS = "$(inherited) @executable_path/Frameworks @loader_path/Frameworks";
				PRODUCT_NAME = "$(TARGET_NAME)";
				TEST_HOST = "$(BUILT_PRODUCTS_DIR)/AuctionApp.app/AuctionApp";
			};
			name = Release;
		};
/* End XCBuildConfiguration section */

/* Begin XCConfigurationList section */
		DCFA949E1A102BB3006CB212 /* Build configuration list for PBXProject "AuctionApp" */ = {
			isa = XCConfigurationList;
			buildConfigurations = (
				DCFA94C41A102BB3006CB212 /* Debug */,
				DCFA94C51A102BB3006CB212 /* Release */,
			);
			defaultConfigurationIsVisible = 0;
			defaultConfigurationName = Release;
		};
		DCFA94C61A102BB3006CB212 /* Build configuration list for PBXNativeTarget "AuctionApp" */ = {
			isa = XCConfigurationList;
			buildConfigurations = (
				DCFA94C71A102BB3006CB212 /* Debug */,
				DCFA94C81A102BB3006CB212 /* Release */,
			);
			defaultConfigurationIsVisible = 0;
			defaultConfigurationName = Release;
		};
		DCFA94C91A102BB3006CB212 /* Build configuration list for PBXNativeTarget "AuctionAppTests" */ = {
			isa = XCConfigurationList;
			buildConfigurations = (
				DCFA94CA1A102BB3006CB212 /* Debug */,
				DCFA94CB1A102BB3006CB212 /* Release */,
			);
			defaultConfigurationIsVisible = 0;
			defaultConfigurationName = Release;
		};
/* End XCConfigurationList section */
	};
	rootObject = DCFA949B1A102BB3006CB212 /* Project object */;
}
